
Microsoft Visual Studio Solution File, Format Version 12.00
# Visual Studio Version 17
VisualStudioVersion = 17.5.2.0
MinimumVisualStudioVersion = 10.0.40219.1
Project("{2150E333-8FDC-42A3-9474-1A3956D46DE8}") = "bindings", "bindings", "{D683BF3D-D126-42E8-A222-A84F83186095}"
EndProject
Project("{2150E333-8FDC-42A3-9474-1A3956D46DE8}") = "dotnet", "dotnet", "{A98B7F18-ED53-EBCD-09F7-717690A67F95}"
EndProject
Project("{2150E333-8FDC-42A3-9474-1A3956D46DE8}") = "src", "src", "{BBD5007D-65EC-324B-4293-2073CF1EA051}"
EndProject
Project("{FAE04EC0-301F-11D3-BF4B-00C04F79EFBC}") = "Zlink", "bindings\dotnet\src\Zlink\Zlink.csproj", "{3E4497EC-6AAC-2C9E-324F-AE05B59BC3E8}"
EndProject
Project("{2150E333-8FDC-42A3-9474-1A3956D46DE8}") = "tests", "tests", "{97DAF7EA-80BF-D4E0-A110-961B9968A06A}"
EndProject
Project("{FAE04EC0-301F-11D3-BF4B-00C04F79EFBC}") = "Zlink.Tests", "bindings\dotnet\tests\Zlink.Tests\Zlink.Tests.csproj", "{4EFFCF47-0EEC-F91E-393E-9F1F8440D2F3}"
EndProject
Project("{2150E333-8FDC-42A3-9474-1A3956D46DE8}") = "framework", "framework", "{9A0CCAB9-4303-13B4-2371-F1B97FF5B728}"
EndProject
Project("{2150E333-8FDC-42A3-9474-1A3956D46DE8}") = "languages", "languages", "{2286B932-10C4-C2AB-0A8D-3A1A04B6C941}"
EndProject
Project("{2150E333-8FDC-42A3-9474-1A3956D46DE8}") = "dotnet", "dotnet", "{F1D5A816-D1E0-BD94-DC63-B2C75546555E}"
EndProject
Project("{2150E333-8FDC-42A3-9474-1A3956D46DE8}") = "tests", "tests", "{C64BD924-3230-C9DD-618F-E30564C324A9}"
EndProject
Project("{FAE04EC0-301F-11D3-BF4B-00C04F79EFBC}") = "Zlink.Framework.ContractTests", "framework\languages\dotnet\tests\Zlink.Framework.ContractTests\Zlink.Framework.ContractTests.csproj", "{7EBACC04-F11D-49F3-BFA4-A3199BEB3501}"
EndProject
Project("{FAE04EC0-301F-11D3-BF4B-00C04F79EFBC}") = "Zlink.Framework", "framework\languages\dotnet\src\Zlink.Framework\Zlink.Framework.csproj", "{EECF6B5E-0FC4-4B61-971F-CB255293B2DA}"
EndProject
Project("{FAE04EC0-301F-11D3-BF4B-00C04F79EFBC}") = "Systems.Zlink.Stream.Connector", "framework\languages\dotnet\src\Systems.Zlink.Stream.Connector\Systems.Zlink.Stream.Connector.csproj", "{A3C7FED1-3DB5-4B06-9064-D295D1890201}"
EndProject
Global
	GlobalSection(SolutionConfigurationPlatforms) = preSolution
		Debug|Any CPU = Debug|Any CPU
		Debug|x64 = Debug|x64
		Debug|x86 = Debug|x86
		Release|Any CPU = Release|Any CPU
		Release|x64 = Release|x64
		Release|x86 = Release|x86
	EndGlobalSection
	GlobalSection(ProjectConfigurationPlatforms) = postSolution
		{3E4497EC-6AAC-2C9E-324F-AE05B59BC3E8}.Debug|Any CPU.ActiveCfg = Debug|Any CPU
		{3E4497EC-6AAC-2C9E-324F-AE05B59BC3E8}.Debug|Any CPU.Build.0 = Debug|Any CPU
		{3E4497EC-6AAC-2C9E-324F-AE05B59BC3E8}.Debug|x64.ActiveCfg = Debug|Any CPU
		{3E4497EC-6AAC-2C9E-324F-AE05B59BC3E8}.Debug|x64.Build.0 = Debug|Any CPU
		{3E4497EC-6AAC-2C9E-324F-AE05B59BC3E8}.Debug|x86.ActiveCfg = Debug|Any CPU
		{3E4497EC-6AAC-2C9E-324F-AE05B59BC3E8}.Debug|x86.Build.0 = Debug|Any CPU
		{3E4497EC-6AAC-2C9E-324F-AE05B59BC3E8}.Release|Any CPU.ActiveCfg = Release|Any CPU
		{3E4497EC-6AAC-2C9E-324F-AE05B59BC3E8}.Release|Any CPU.Build.0 = Release|Any CPU
		{3E4497EC-6AAC-2C9E-324F-AE05B59BC3E8}.Release|x64.ActiveCfg = Release|Any CPU
		{3E4497EC-6AAC-2C9E-324F-AE05B59BC3E8}.Release|x64.Build.0 = Release|Any CPU
		{3E4497EC-6AAC-2C9E-324F-AE05B59BC3E8}.Release|x86.ActiveCfg = Release|Any CPU
		{3E4497EC-6AAC-2C9E-324F-AE05B59BC3E8}.Release|x86.Build.0 = Release|Any CPU
		{4EFFCF47-0EEC-F91E-393E-9F1F8440D2F3}.Debug|Any CPU.ActiveCfg = Debug|Any CPU
		{4EFFCF47-0EEC-F91E-393E-9F1F8440D2F3}.Debug|Any CPU.Build.0 = Debug|Any CPU
		{4EFFCF47-0EEC-F91E-393E-9F1F8440D2F3}.Debug|x64.ActiveCfg = Debug|Any CPU
		{4EFFCF47-0EEC-F91E-393E-9F1F8440D2F3}.Debug|x64.Build.0 = Debug|Any CPU
		{4EFFCF47-0EEC-F91E-393E-9F1F8440D2F3}.Debug|x86.ActiveCfg = Debug|Any CPU
		{4EFFCF47-0EEC-F91E-393E-9F1F8440D2F3}.Debug|x86.Build.0 = Debug|Any CPU
		{4EFFCF47-0EEC-F91E-393E-9F1F8440D2F3}.Release|Any CPU.ActiveCfg = Release|Any CPU
		{4EFFCF47-0EEC-F91E-393E-9F1F8440D2F3}.Release|Any CPU.Build.0 = Release|Any CPU
		{4EFFCF47-0EEC-F91E-393E-9F1F8440D2F3}.Release|x64.ActiveCfg = Release|Any CPU
		{4EFFCF47-0EEC-F91E-393E-9F1F8440D2F3}.Release|x64.Build.0 = Release|Any CPU
		{4EFFCF47-0EEC-F91E-393E-9F1F8440D2F3}.Release|x86.ActiveCfg = Release|Any CPU
		{4EFFCF47-0EEC-F91E-393E-9F1F8440D2F3}.Release|x86.Build.0 = Release|Any CPU
		{7EBACC04-F11D-49F3-BFA4-A3199BEB3501}.Debug|Any CPU.ActiveCfg = Debug|Any CPU
		{7EBACC04-F11D-49F3-BFA4-A3199BEB3501}.Debug|Any CPU.Build.0 = Debug|Any CPU
		{7EBACC04-F11D-49F3-BFA4-A3199BEB3501}.Debug|x64.ActiveCfg = Debug|Any CPU
		{7EBACC04-F11D-49F3-BFA4-A3199BEB3501}.Debug|x64.Build.0 = Debug|Any CPU
		{7EBACC04-F11D-49F3-BFA4-A3199BEB3501}.Debug|x86.ActiveCfg = Debug|Any CPU
		{7EBACC04-F11D-49F3-BFA4-A3199BEB3501}.Debug|x86.Build.0 = Debug|Any CPU
		{7EBACC04-F11D-49F3-BFA4-A3199BEB3501}.Release|Any CPU.ActiveCfg = Release|Any CPU
		{7EBACC04-F11D-49F3-BFA4-A3199BEB3501}.Release|Any CPU.Build.0 = Release|Any CPU
		{7EBACC04-F11D-49F3-BFA4-A3199BEB3501}.Release|x64.ActiveCfg = Release|Any CPU
		{7EBACC04-F11D-49F3-BFA4-A3199BEB3501}.Release|x64.Build.0 = Release|Any CPU
		{7EBACC04-F11D-49F3-BFA4-A3199BEB3501}.Release|x86.ActiveCfg = Release|Any CPU
		{7EBACC04-F11D-49F3-BFA4-A3199BEB3501}.Release|x86.Build.0 = Release|Any CPU
		{EECF6B5E-0FC4-4B61-971F-CB255293B2DA}.Debug|Any CPU.ActiveCfg = Debug|Any CPU
		{EECF6B5E-0FC4-4B61-971F-CB255293B2DA}.Debug|Any CPU.Build.0 = Debug|Any CPU
		{EECF6B5E-0FC4-4B61-971F-CB255293B2DA}.Debug|x64.ActiveCfg = Debug|Any CPU
		{EECF6B5E-0FC4-4B61-971F-CB255293B2DA}.Debug|x64.Build.0 = Debug|Any CPU
		{EECF6B5E-0FC4-4B61-971F-CB255293B2DA}.Debug|x86.ActiveCfg = Debug|Any CPU
		{EECF6B5E-0FC4-4B61-971F-CB255293B2DA}.Debug|x86.Build.0 = Debug|Any CPU
		{EECF6B5E-0FC4-4B61-971F-CB255293B2DA}.Release|Any CPU.ActiveCfg = Release|Any CPU
		{EECF6B5E-0FC4-4B61-971F-CB255293B2DA}.Release|Any CPU.Build.0 = Release|Any CPU
		{EECF6B5E-0FC4-4B61-971F-CB255293B2DA}.Release|x64.ActiveCfg = Release|Any CPU
		{EECF6B5E-0FC4-4B61-971F-CB255293B2DA}.Release|x64.Build.0 = Release|Any CPU
		{EECF6B5E-0FC4-4B61-971F-CB255293B2DA}.Release|x86.ActiveCfg = Release|Any CPU
		{EECF6B5E-0FC4-4B61-971F-CB255293B2DA}.Release|x86.Build.0 = Release|Any CPU
		{A3C7FED1-3DB5-4B06-9064-D295D1890201}.Debug|Any CPU.ActiveCfg = Debug|Any CPU
		{A3C7FED1-3DB5-4B06-9064-D295D1890201}.Debug|Any CPU.Build.0 = Debug|Any CPU
		{A3C7FED1-3DB5-4B06-9064-D295D1890201}.Debug|x64.ActiveCfg = Debug|Any CPU
		{A3C7FED1-3DB5-4B06-9064-D295D1890201}.Debug|x64.Build.0 = Debug|Any CPU
		{A3C7FED1-3DB5-4B06-9064-D295D1890201}.Debug|x86.ActiveCfg = Debug|Any CPU
		{A3C7FED1-3DB5-4B06-9064-D295D1890201}.Debug|x86.Build.0 = Debug|Any CPU
		{A3C7FED1-3DB5-4B06-9064-D295D1890201}.Release|Any CPU.ActiveCfg = Release|Any CPU
		{A3C7FED1-3DB5-4B06-9064-D295D1890201}.Release|Any CPU.Build.0 = Release|Any CPU
		{A3C7FED1-3DB5-4B06-9064-D295D1890201}.Release|x64.ActiveCfg = Release|Any CPU
		{A3C7FED1-3DB5-4B06-9064-D295D1890201}.Release|x64.Build.0 = Release|Any CPU
		{A3C7FED1-3DB5-4B06-9064-D295D1890201}.Release|x86.ActiveCfg = Release|Any CPU
		{A3C7FED1-3DB5-4B06-9064-D295D1890201}.Release|x86.Build.0 = Release|Any CPU
	EndGlobalSection
	GlobalSection(SolutionProperties) = preSolution
		HideSolutionNode = FALSE
	EndGlobalSection
	GlobalSection(NestedProjects) = preSolution
		{A98B7F18-ED53-EBCD-09F7-717690A67F95} = {D683BF3D-D126-42E8-A222-A84F83186095}
		{BBD5007D-65EC-324B-4293-2073CF1EA051} = {A98B7F18-ED53-EBCD-09F7-717690A67F95}
		{3E4497EC-6AAC-2C9E-324F-AE05B59BC3E8} = {BBD5007D-65EC-324B-4293-2073CF1EA051}
		{97DAF7EA-80BF-D4E0-A110-961B9968A06A} = {A98B7F18-ED53-EBCD-09F7-717690A67F95}
		{4EFFCF47-0EEC-F91E-393E-9F1F8440D2F3} = {97DAF7EA-80BF-D4E0-A110-961B9968A06A}
		{2286B932-10C4-C2AB-0A8D-3A1A04B6C941} = {9A0CCAB9-4303-13B4-2371-F1B97FF5B728}
		{F1D5A816-D1E0-BD94-DC63-B2C75546555E} = {2286B932-10C4-C2AB-0A8D-3A1A04B6C941}
		{C64BD924-3230-C9DD-618F-E30564C324A9} = {F1D5A816-D1E0-BD94-DC63-B2C75546555E}
		{7EBACC04-F11D-49F3-BFA4-A3199BEB3501} = {C64BD924-3230-C9DD-618F-E30564C324A9}
		{EECF6B5E-0FC4-4B61-971F-CB255293B2DA} = {C64BD924-3230-C9DD-618F-E30564C324A9}
		{A3C7FED1-3DB5-4B06-9064-D295D1890201} = {C64BD924-3230-C9DD-618F-E30564C324A9}
	EndGlobalSection
	GlobalSection(ExtensibilityGlobals) = postSolution
		SolutionGuid = {C85D3594-C701-4C75-9C80-029E265FDBDD}
	EndGlobalSection
EndGlobal
