{
  "name": "zlink-engine-lobby-cocos-creator",
  "version": "0.1.0",
  "lockfileVersion": 3,
  "requires": true,
  "packages": {
    "": {
      "name": "zlink-engine-lobby-cocos-creator",
      "version": "0.1.0",
      "dependencies": {
        "@zlink-systems/stream-connector": "0.22.0"
      },
      "devDependencies": {
        "typescript": "5.8.3"
      }
    },
    "node_modules/@zlink-systems/stream-connector": {
      "version": "0.22.0",
      "resolved": "https://registry.npmjs.org/@zlink-systems/stream-connector/-/stream-connector-0.22.0.tgz",
      "integrity": "sha512-yhvBHW8TZV3JaWlZf2y2OGDoUe4az3Wj/oAG9RYdWRxjOQZf3fEMCyPp6PlVVQFfvcJOGgNBIcsumaGYLQUxNw==",
      "license": "SEE LICENSE IN LICENSE",
      "dependencies": {
        "@zlink-systems/stream-wire": "0.22.0"
      }
    },
    "node_modules/@zlink-systems/stream-wire": {
      "version": "0.22.0",
      "resolved": "https://registry.npmjs.org/@zlink-systems/stream-wire/-/stream-wire-0.22.0.tgz",
      "integrity": "sha512-cNj/5iuoxnm/jL8PhzZ0VzOhWTjLzrnbt/0J7srLpXg5qNdddfMuJrI7n6sa4Y2aUXSuWIS7aSc+YofRRXTtgw==",
      "license": "SEE LICENSE IN LICENSE"
    },
    "node_modules/typescript": {
      "version": "5.8.3",
      "resolved": "https://registry.npmjs.org/typescript/-/typescript-5.8.3.tgz",
      "integrity": "sha512-p1diW6TqL9L07nNxvRMM7hMMw4c5XOo/1ibL4aAIGmSAt9slTE1Xgw5KWuof2uTOvCg9BY7ZRi+GaF+7sfgPeQ==",
      "dev": true,
      "license": "Apache-2.0",
      "bin": {
        "tsc": "bin/tsc",
        "tsserver": "bin/tsserver"
      },
      "engines": {
        "node": ">=14.17"
      }
    }
  }
}
