
Microsoft Visual Studio Solution File, Format Version 12.00
# Visual Studio Version 17
VisualStudioVersion = 17.0.31903.59
MinimumVisualStudioVersion = 10.0.40219.1
Project("{2150E333-8FDC-42A3-9474-1A3956D46DE8}") = "src", "src", "{25834A3B-01B0-47D5-B891-58DD52896532}"
EndProject
Project("{2150E333-8FDC-42A3-9474-1A3956D46DE8}") = "Framework", "Framework", "{8D99AE9B-1CF9-4A26-950A-EBC9ED076060}"
EndProject
Project("{FAE04EC0-301F-11D3-BF4B-00C04F79EFBC}") = "Zlink.Framework", "src\Zlink.Framework\Zlink.Framework.csproj", "{22AA3415-E273-40A3-9F3C-279FC21A4FF9}"
EndProject
Project("{FAE04EC0-301F-11D3-BF4B-00C04F79EFBC}") = "Zlink.Framework.Contracts", "src\Zlink.Framework.Contracts\Zlink.Framework.Contracts.csproj", "{B6C7E1D2-20A8-4AF9-9C44-662BE47C14A3}"
EndProject
Project("{FAE04EC0-301F-11D3-BF4B-00C04F79EFBC}") = "Zlink.Framework.AspNetCore", "src\Zlink.Framework.AspNetCore\Zlink.Framework.AspNetCore.csproj", "{3853B05A-6F45-4A7F-860B-FCA8C4AE9A90}"
EndProject
Project("{2150E333-8FDC-42A3-9474-1A3956D46DE8}") = "Connector", "Connector", "{CA535515-7831-4B38-9327-B1B64172871C}"
EndProject
Project("{2150E333-8FDC-42A3-9474-1A3956D46DE8}") = "tests", "tests", "{F3E5F8A1-DEF5-4540-A4B0-73ABB7129801}"
EndProject
Project("{2150E333-8FDC-42A3-9474-1A3956D46DE8}") = "testapps", "testapps", "{24582C8A-3FB9-4856-BA31-F72F4EE9CDE5}"
EndProject
Project("{FAE04EC0-301F-11D3-BF4B-00C04F79EFBC}") = "Zlink.Framework.TestHost", "cross-language\Zlink.Framework.TestHost\Zlink.Framework.TestHost.csproj", "{FF1A6329-0D5F-4849-B66C-C947AEB74AFE}"
EndProject
Project("{FAE04EC0-301F-11D3-BF4B-00C04F79EFBC}") = "Zlink.Framework.DocFixtures", "testapps\Zlink.Framework.DocFixtures\Zlink.Framework.DocFixtures.csproj", "{8729447A-72E9-4FD6-A83F-E00658A109F3}"
EndProject
Project("{FAE04EC0-301F-11D3-BF4B-00C04F79EFBC}") = "Systems.Zlink.Stream.Connector.Tests", "tests\Systems.Zlink.Stream.Connector.Tests\Systems.Zlink.Stream.Connector.Tests.csproj", "{C6C39E87-38D9-4C21-8BA8-763E81BED945}"
EndProject
Project("{FAE04EC0-301F-11D3-BF4B-00C04F79EFBC}") = "Systems.Zlink.Stream.Connector", "src\Systems.Zlink.Stream.Connector\Systems.Zlink.Stream.Connector.csproj", "{EF560B85-2ED8-43D1-B6C4-8B9A86EA5A99}"
EndProject
Project("{FAE04EC0-301F-11D3-BF4B-00C04F79EFBC}") = "Zlink.Framework.UnitTests", "tests\Zlink.Framework.UnitTests\Zlink.Framework.UnitTests.csproj", "{4F6DDD4B-53A2-47AA-9291-EE018F3AD880}"
EndProject
Project("{FAE04EC0-301F-11D3-BF4B-00C04F79EFBC}") = "Zlink.Framework.ContractTests", "tests\Zlink.Framework.ContractTests\Zlink.Framework.ContractTests.csproj", "{FB7E20EB-B2E3-456E-8535-762BE108680B}"
EndProject
Project("{FAE04EC0-301F-11D3-BF4B-00C04F79EFBC}") = "Zlink.HttpClient", "src\Zlink.HttpClient\Zlink.HttpClient.csproj", "{5A68D7FA-4FBD-478B-9E63-494974B88AC9}"
EndProject
Project("{FAE04EC0-301F-11D3-BF4B-00C04F79EFBC}") = "Zlink.HttpClient.UnitTests", "tests\Zlink.HttpClient.UnitTests\Zlink.HttpClient.UnitTests.csproj", "{85ADAB53-463D-4C7E-8CF0-5C3D7AD41640}"
EndProject
Project("{FAE04EC0-301F-11D3-BF4B-00C04F79EFBC}") = "Zlink.Framework.Codecs.Protobuf", "src\Zlink.Framework.Codecs.Protobuf\Zlink.Framework.Codecs.Protobuf.csproj", "{2812770F-E92A-4AD3-BED8-56A16F9B9847}"
EndProject
Project("{FAE04EC0-301F-11D3-BF4B-00C04F79EFBC}") = "Zlink.Framework.Codecs.MessagePack", "src\Zlink.Framework.Codecs.MessagePack\Zlink.Framework.Codecs.MessagePack.csproj", "{65532131-A98A-42F5-80D5-54990D377F0A}"
EndProject
Project("{FAE04EC0-301F-11D3-BF4B-00C04F79EFBC}") = "Zlink.Framework.Locations.Redis", "src\Zlink.Framework.Locations.Redis\Zlink.Framework.Locations.Redis.csproj", "{04FE4900-FA9F-4CD6-83A5-C3954A8660B5}"
EndProject
Project("{FAE04EC0-301F-11D3-BF4B-00C04F79EFBC}") = "Zlink.Framework.Locations.Redis.Tests", "tests\Zlink.Framework.Locations.Redis.Tests\Zlink.Framework.Locations.Redis.Tests.csproj", "{7B05DF0B-C909-4E3E-966D-14E6E7AE396E}"
EndProject
Project("{FAE04EC0-301F-11D3-BF4B-00C04F79EFBC}") = "Zlink.Framework.Provider.Abstractions", "src\Zlink.Framework.Provider.Abstractions\Zlink.Framework.Provider.Abstractions.csproj", "{D901E427-EE05-4D7D-B168-5AE8CE7E6A94}"
EndProject
Project("{2150E333-8FDC-42A3-9474-1A3956D46DE8}") = "perf", "perf", "{9B28D84F-7405-486A-882D-01B41903BE82}"
EndProject
Project("{FAE04EC0-301F-11D3-BF4B-00C04F79EFBC}") = "ZLink.Framework.Perf.Shared", "perf\ZLink.Framework.Perf.Shared\ZLink.Framework.Perf.Shared.csproj", "{384E7014-C75A-4719-9012-FAE04D0EFFC1}"
EndProject
Project("{FAE04EC0-301F-11D3-BF4B-00C04F79EFBC}") = "ZLink.Framework.Perf.ServerSupport", "perf\ZLink.Framework.Perf.ServerSupport\ZLink.Framework.Perf.ServerSupport.csproj", "{715C7B86-62F8-453D-8D50-9833967BE29D}"
EndProject
Project("{FAE04EC0-301F-11D3-BF4B-00C04F79EFBC}") = "ZLink.Framework.Perf.Client", "perf\ZLink.Framework.Perf.Client\ZLink.Framework.Perf.Client.csproj", "{7648E538-CC3D-4769-B041-F1847F37273E}"
EndProject
Project("{FAE04EC0-301F-11D3-BF4B-00C04F79EFBC}") = "ZLink.Framework.Perf.SessionServer", "perf\ZLink.Framework.Perf.SessionServer\ZLink.Framework.Perf.SessionServer.csproj", "{2F3AF803-714E-4C4B-8E7F-B657EAC1401D}"
EndProject
Project("{FAE04EC0-301F-11D3-BF4B-00C04F79EFBC}") = "ZLink.Framework.Perf.ChannelServer", "perf\ZLink.Framework.Perf.ChannelServer\ZLink.Framework.Perf.ChannelServer.csproj", "{29EE950C-75DE-4BAA-8405-A0C994EBCBCE}"
EndProject
Project("{FAE04EC0-301F-11D3-BF4B-00C04F79EFBC}") = "ZLink.Framework.Perf.Tests", "perf\ZLink.Framework.Perf.Tests\ZLink.Framework.Perf.Tests.csproj", "{975D07F8-8D57-4FF0-B05A-E2EEBA4A0AB1}"
EndProject
Project("{FAE04EC0-301F-11D3-BF4B-00C04F79EFBC}") = "Zlink.Framework.SampleRegressionTests", "tests\Zlink.Framework.SampleRegressionTests\Zlink.Framework.SampleRegressionTests.csproj", "{88221843-F3D8-4E66-8251-44C5DA6ADF38}"
EndProject
Project("{2150E333-8FDC-42A3-9474-1A3956D46DE8}") = "samples", "samples", "{0B3E0AF0-D120-4D56-A635-4C084D6C0A17}"
EndProject
Project("{FAE04EC0-301F-11D3-BF4B-00C04F79EFBC}") = "Bingo.Client", "samples\Bingo\Client\Bingo.Client.csproj", "{E4820A9A-2E53-49B1-BD09-A476A1EF8D64}"
EndProject
Project("{FAE04EC0-301F-11D3-BF4B-00C04F79EFBC}") = "Bingo.Server.Api", "samples\Bingo\Server\Api\Bingo.Server.Api.csproj", "{E6F251FB-3B7A-4FE8-B804-6A7184D263C1}"
EndProject
Project("{FAE04EC0-301F-11D3-BF4B-00C04F79EFBC}") = "Bingo.Server.Matchmaking", "samples\Bingo\Server\Matchmaking\Bingo.Server.Matchmaking.csproj", "{7B2CBB03-DE62-486B-AD1A-9298F21B4E2E}"
EndProject
Project("{FAE04EC0-301F-11D3-BF4B-00C04F79EFBC}") = "Bingo.Server.Play", "samples\Bingo\Server\Play\Bingo.Server.Play.csproj", "{E16024A7-7F4E-43CA-A07C-BFD409002FF8}"
EndProject
Project("{FAE04EC0-301F-11D3-BF4B-00C04F79EFBC}") = "Bingo.Server.Session", "samples\Bingo\Server\Session\Bingo.Server.Session.csproj", "{46D733B8-D735-4ED0-8A57-449F483A60CF}"
EndProject
Project("{FAE04EC0-301F-11D3-BF4B-00C04F79EFBC}") = "Bingo.Shared", "samples\Bingo\Shared\Bingo.Shared.csproj", "{B825B6AC-5D47-415A-8890-940B40AC0695}"
EndProject
Project("{FAE04EC0-301F-11D3-BF4B-00C04F79EFBC}") = "DeliveryDispatch.Client", "samples\DeliveryDispatch\Client\DeliveryDispatch.Client.csproj", "{DF33DD1E-918D-47F2-96A1-F97C82CC1651}"
EndProject
Project("{FAE04EC0-301F-11D3-BF4B-00C04F79EFBC}") = "DeliveryDispatch.Server.Configuration", "samples\DeliveryDispatch\Server\Configuration\DeliveryDispatch.Server.Configuration.csproj", "{3D76D0B0-FE0A-4CBB-B02F-1FA5D3DF4CE4}"
EndProject
Project("{FAE04EC0-301F-11D3-BF4B-00C04F79EFBC}") = "DeliveryDispatch.Server.CourierActorNode", "samples\DeliveryDispatch\Server\CourierActorNode\DeliveryDispatch.Server.CourierActorNode.csproj", "{771F9D64-EFE3-447C-8D57-05E581EAE6E7}"
EndProject
Project("{FAE04EC0-301F-11D3-BF4B-00C04F79EFBC}") = "DeliveryDispatch.Server.CourierSession", "samples\DeliveryDispatch\Server\CourierSession\DeliveryDispatch.Server.CourierSession.csproj", "{19A8E392-EFEF-455A-BF3D-E83C4EEFCF8F}"
EndProject
Project("{FAE04EC0-301F-11D3-BF4B-00C04F79EFBC}") = "DeliveryDispatch.Server.CustomerGateway", "samples\DeliveryDispatch\Server\CustomerGateway\DeliveryDispatch.Server.CustomerGateway.csproj", "{7C90728E-679F-40DE-8E83-D98ECAF4FB09}"
EndProject
Project("{FAE04EC0-301F-11D3-BF4B-00C04F79EFBC}") = "DeliveryDispatch.Server.Dispatch", "samples\DeliveryDispatch\Server\Dispatch\DeliveryDispatch.Server.Dispatch.csproj", "{C855C8B9-3CA7-46D8-994D-CFDF0DB73DE7}"
EndProject
Project("{FAE04EC0-301F-11D3-BF4B-00C04F79EFBC}") = "DeliveryDispatch.Server.Tracking", "samples\DeliveryDispatch\Server\Tracking\DeliveryDispatch.Server.Tracking.csproj", "{5DAA5368-6927-4183-A0E2-67E3B1D4DA5B}"
EndProject
Project("{FAE04EC0-301F-11D3-BF4B-00C04F79EFBC}") = "DeliveryDispatch.Shared", "samples\DeliveryDispatch\Shared\DeliveryDispatch.Shared.csproj", "{29191C2A-69CF-4DA4-81A0-3F764AA1EA0C}"
EndProject
Project("{FAE04EC0-301F-11D3-BF4B-00C04F79EFBC}") = "GameQuest.Client", "samples\GameQuest\Client\GameQuest.Client.csproj", "{5B9EFEA7-62AD-491E-A3A4-72790D8D626F}"
EndProject
Project("{FAE04EC0-301F-11D3-BF4B-00C04F79EFBC}") = "GameQuest.Server.Configuration", "samples\GameQuest\Server\Configuration\GameQuest.Server.Configuration.csproj", "{1216D935-4A6E-46F4-83AB-B196A6ACC4ED}"
EndProject
Project("{FAE04EC0-301F-11D3-BF4B-00C04F79EFBC}") = "GameQuest.GameApi", "samples\GameQuest\Server\GameApi\GameQuest.GameApi.csproj", "{1E844917-378B-4E3C-B4AE-D384C454BA32}"
EndProject
Project("{FAE04EC0-301F-11D3-BF4B-00C04F79EFBC}") = "GameQuest.QuestMission", "samples\GameQuest\Server\QuestMission\GameQuest.QuestMission.csproj", "{C3AA99CE-62F0-459E-BBE6-D9ED3E70A7CD}"
EndProject
Project("{FAE04EC0-301F-11D3-BF4B-00C04F79EFBC}") = "GameQuest.Shared", "samples\GameQuest\Shared\GameQuest.Shared.csproj", "{0AFC5399-913D-4D49-A4F7-C334C01B9A4B}"
EndProject
Project("{FAE04EC0-301F-11D3-BF4B-00C04F79EFBC}") = "ShoppingMall.Client", "samples\ShoppingMall\Client\ShoppingMall.Client.csproj", "{26B94A4F-F0FE-4901-A790-2F64B83B8302}"
EndProject
Project("{FAE04EC0-301F-11D3-BF4B-00C04F79EFBC}") = "ShoppingMall.CommerceApi", "samples\ShoppingMall\Server\CommerceApi\ShoppingMall.CommerceApi.csproj", "{7292373E-8CC9-444A-88B5-8342DC99B034}"
EndProject
Project("{FAE04EC0-301F-11D3-BF4B-00C04F79EFBC}") = "ShoppingMall.Server.Configuration", "samples\ShoppingMall\Server\Configuration\ShoppingMall.Server.Configuration.csproj", "{714BEABA-947A-4BAF-98B1-8CC1550517F9}"
EndProject
Project("{FAE04EC0-301F-11D3-BF4B-00C04F79EFBC}") = "ShoppingMall.OrderWorkflow", "samples\ShoppingMall\Server\OrderWorkflow\ShoppingMall.OrderWorkflow.csproj", "{1DB02E72-EB5C-4626-955D-BB3B995EB2F1}"
EndProject
Project("{FAE04EC0-301F-11D3-BF4B-00C04F79EFBC}") = "ShoppingMall.Server.Shared", "samples\ShoppingMall\Server\Shared\ShoppingMall.Server.Shared.csproj", "{BEF6A97C-9F36-4BA8-8890-9DF42EC30A26}"
EndProject
Project("{FAE04EC0-301F-11D3-BF4B-00C04F79EFBC}") = "ShoppingMall.Shared", "samples\ShoppingMall\Shared\ShoppingMall.Shared.csproj", "{93A5B559-3CEE-4F7E-8233-1F01712647F9}"
EndProject
Project("{FAE04EC0-301F-11D3-BF4B-00C04F79EFBC}") = "SupportChat.Client", "samples\SupportChat\Client\SupportChat.Client.csproj", "{C5E28DC6-F516-4C07-A8B6-577D2E123058}"
EndProject
Project("{FAE04EC0-301F-11D3-BF4B-00C04F79EFBC}") = "SupportChat.Server.Api", "samples\SupportChat\Server\Api\SupportChat.Server.Api.csproj", "{3E157B95-C706-4AC7-B53B-149B98F21719}"
EndProject
Project("{FAE04EC0-301F-11D3-BF4B-00C04F79EFBC}") = "SupportChat.Server.Configuration", "samples\SupportChat\Server\Configuration\SupportChat.Server.Configuration.csproj", "{CC41384A-BD38-4D60-B74C-736A5CFF5123}"
EndProject
Project("{FAE04EC0-301F-11D3-BF4B-00C04F79EFBC}") = "SupportChat.Server.Session", "samples\SupportChat\Server\Session\SupportChat.Server.Session.csproj", "{E94ED9A0-8FC4-4043-B4AF-0F9F2C4511B3}"
EndProject
Project("{FAE04EC0-301F-11D3-BF4B-00C04F79EFBC}") = "SupportChat.Server.Support", "samples\SupportChat\Server\Support\SupportChat.Server.Support.csproj", "{C371EC80-0271-4E09-9E15-50F39CE501AE}"
EndProject
Project("{FAE04EC0-301F-11D3-BF4B-00C04F79EFBC}") = "SupportChat.Shared", "samples\SupportChat\Shared\SupportChat.Shared.csproj", "{C3FBFB50-98E3-4059-9BD4-AB1F8158A2C7}"
EndProject
Project("{FAE04EC0-301F-11D3-BF4B-00C04F79EFBC}") = "TicTacToe.Client", "samples\TicTacToe\Client\TicTacToe.Client.csproj", "{0D8CF3F9-5836-4653-91AF-F073E709E932}"
EndProject
Project("{FAE04EC0-301F-11D3-BF4B-00C04F79EFBC}") = "TicTacToe.Server.Api", "samples\TicTacToe\Server\Api\TicTacToe.Server.Api.csproj", "{D063CC15-FB08-4307-A1F1-EA17A217BD99}"
EndProject
Project("{FAE04EC0-301F-11D3-BF4B-00C04F79EFBC}") = "TicTacToe.Server.Configuration", "samples\TicTacToe\Server\Configuration\TicTacToe.Server.Configuration.csproj", "{9827A4B8-10A1-41ED-BE87-761F8E6B740A}"
EndProject
Project("{FAE04EC0-301F-11D3-BF4B-00C04F79EFBC}") = "TicTacToe.Server.Play", "samples\TicTacToe\Server\Play\TicTacToe.Server.Play.csproj", "{E3E1994F-D610-487A-88FC-6CEA4B029630}"
EndProject
Project("{FAE04EC0-301F-11D3-BF4B-00C04F79EFBC}") = "TicTacToe.Shared", "samples\TicTacToe\Shared\TicTacToe.Shared.csproj", "{1C470A7D-2B57-4A9F-AA7D-F8824C2D1607}"
EndProject
Project("{FAE04EC0-301F-11D3-BF4B-00C04F79EFBC}") = "ZoneWorld.Client", "samples\ZoneWorld\Client\ZoneWorld.Client.csproj", "{FCE5C176-82B7-4A0F-98F5-B23191711815}"
EndProject
Project("{FAE04EC0-301F-11D3-BF4B-00C04F79EFBC}") = "ZoneWorld.Server.Configuration", "samples\ZoneWorld\Server\Configuration\ZoneWorld.Server.Configuration.csproj", "{F42C871D-15D8-4AAA-A537-5D17970DF8A8}"
EndProject
Project("{FAE04EC0-301F-11D3-BF4B-00C04F79EFBC}") = "ZoneWorld.Server.Gateway", "samples\ZoneWorld\Server\Gateway\ZoneWorld.Server.Gateway.csproj", "{4FFEFE4F-62AC-49E4-8C29-EDFF79CC6532}"
EndProject
Project("{FAE04EC0-301F-11D3-BF4B-00C04F79EFBC}") = "ZoneWorld.Server.Ops", "samples\ZoneWorld\Server\Ops\ZoneWorld.Server.Ops.csproj", "{10867E05-1EFB-4287-B90C-224FE485A279}"
EndProject
Project("{FAE04EC0-301F-11D3-BF4B-00C04F79EFBC}") = "ZoneWorld.Server.ZoneNode", "samples\ZoneWorld\Server\ZoneNode\ZoneWorld.Server.ZoneNode.csproj", "{DBE35CBF-6E85-41FB-B2ED-357927F146C3}"
EndProject
Project("{FAE04EC0-301F-11D3-BF4B-00C04F79EFBC}") = "ZoneWorld.Shared", "samples\ZoneWorld\Shared\ZoneWorld.Shared.csproj", "{55ECF4D3-F9AA-487A-BAFC-D8133875F7F4}"
EndProject
Global
	GlobalSection(SolutionConfigurationPlatforms) = preSolution
		Debug|Any CPU = Debug|Any CPU
		Debug|x64 = Debug|x64
		Debug|x86 = Debug|x86
		Release|Any CPU = Release|Any CPU
		Release|x64 = Release|x64
		Release|x86 = Release|x86
	EndGlobalSection
	GlobalSection(ProjectConfigurationPlatforms) = postSolution
		{22AA3415-E273-40A3-9F3C-279FC21A4FF9}.Debug|Any CPU.ActiveCfg = Debug|Any CPU
		{22AA3415-E273-40A3-9F3C-279FC21A4FF9}.Debug|Any CPU.Build.0 = Debug|Any CPU
		{22AA3415-E273-40A3-9F3C-279FC21A4FF9}.Debug|x64.ActiveCfg = Debug|Any CPU
		{22AA3415-E273-40A3-9F3C-279FC21A4FF9}.Debug|x64.Build.0 = Debug|Any CPU
		{22AA3415-E273-40A3-9F3C-279FC21A4FF9}.Debug|x86.ActiveCfg = Debug|Any CPU
		{22AA3415-E273-40A3-9F3C-279FC21A4FF9}.Debug|x86.Build.0 = Debug|Any CPU
		{22AA3415-E273-40A3-9F3C-279FC21A4FF9}.Release|Any CPU.ActiveCfg = Release|Any CPU
		{22AA3415-E273-40A3-9F3C-279FC21A4FF9}.Release|Any CPU.Build.0 = Release|Any CPU
		{22AA3415-E273-40A3-9F3C-279FC21A4FF9}.Release|x64.ActiveCfg = Release|Any CPU
		{22AA3415-E273-40A3-9F3C-279FC21A4FF9}.Release|x64.Build.0 = Release|Any CPU
		{22AA3415-E273-40A3-9F3C-279FC21A4FF9}.Release|x86.ActiveCfg = Release|Any CPU
		{22AA3415-E273-40A3-9F3C-279FC21A4FF9}.Release|x86.Build.0 = Release|Any CPU
		{B6C7E1D2-20A8-4AF9-9C44-662BE47C14A3}.Debug|Any CPU.ActiveCfg = Debug|Any CPU
		{B6C7E1D2-20A8-4AF9-9C44-662BE47C14A3}.Debug|Any CPU.Build.0 = Debug|Any CPU
		{B6C7E1D2-20A8-4AF9-9C44-662BE47C14A3}.Debug|x64.ActiveCfg = Debug|Any CPU
		{B6C7E1D2-20A8-4AF9-9C44-662BE47C14A3}.Debug|x64.Build.0 = Debug|Any CPU
		{B6C7E1D2-20A8-4AF9-9C44-662BE47C14A3}.Debug|x86.ActiveCfg = Debug|Any CPU
		{B6C7E1D2-20A8-4AF9-9C44-662BE47C14A3}.Debug|x86.Build.0 = Debug|Any CPU
		{B6C7E1D2-20A8-4AF9-9C44-662BE47C14A3}.Release|Any CPU.ActiveCfg = Release|Any CPU
		{B6C7E1D2-20A8-4AF9-9C44-662BE47C14A3}.Release|Any CPU.Build.0 = Release|Any CPU
		{B6C7E1D2-20A8-4AF9-9C44-662BE47C14A3}.Release|x64.ActiveCfg = Release|Any CPU
		{B6C7E1D2-20A8-4AF9-9C44-662BE47C14A3}.Release|x64.Build.0 = Release|Any CPU
		{B6C7E1D2-20A8-4AF9-9C44-662BE47C14A3}.Release|x86.ActiveCfg = Release|Any CPU
		{B6C7E1D2-20A8-4AF9-9C44-662BE47C14A3}.Release|x86.Build.0 = Release|Any CPU
		{3853B05A-6F45-4A7F-860B-FCA8C4AE9A90}.Debug|Any CPU.ActiveCfg = Debug|Any CPU
		{3853B05A-6F45-4A7F-860B-FCA8C4AE9A90}.Debug|Any CPU.Build.0 = Debug|Any CPU
		{3853B05A-6F45-4A7F-860B-FCA8C4AE9A90}.Debug|x64.ActiveCfg = Debug|Any CPU
		{3853B05A-6F45-4A7F-860B-FCA8C4AE9A90}.Debug|x64.Build.0 = Debug|Any CPU
		{3853B05A-6F45-4A7F-860B-FCA8C4AE9A90}.Debug|x86.ActiveCfg = Debug|Any CPU
		{3853B05A-6F45-4A7F-860B-FCA8C4AE9A90}.Debug|x86.Build.0 = Debug|Any CPU
		{3853B05A-6F45-4A7F-860B-FCA8C4AE9A90}.Release|Any CPU.ActiveCfg = Release|Any CPU
		{3853B05A-6F45-4A7F-860B-FCA8C4AE9A90}.Release|Any CPU.Build.0 = Release|Any CPU
		{3853B05A-6F45-4A7F-860B-FCA8C4AE9A90}.Release|x64.ActiveCfg = Release|Any CPU
		{3853B05A-6F45-4A7F-860B-FCA8C4AE9A90}.Release|x64.Build.0 = Release|Any CPU
		{3853B05A-6F45-4A7F-860B-FCA8C4AE9A90}.Release|x86.ActiveCfg = Release|Any CPU
		{3853B05A-6F45-4A7F-860B-FCA8C4AE9A90}.Release|x86.Build.0 = Release|Any CPU
		{FF1A6329-0D5F-4849-B66C-C947AEB74AFE}.Debug|Any CPU.ActiveCfg = Debug|Any CPU
		{FF1A6329-0D5F-4849-B66C-C947AEB74AFE}.Debug|Any CPU.Build.0 = Debug|Any CPU
		{FF1A6329-0D5F-4849-B66C-C947AEB74AFE}.Debug|x64.ActiveCfg = Debug|Any CPU
		{FF1A6329-0D5F-4849-B66C-C947AEB74AFE}.Debug|x64.Build.0 = Debug|Any CPU
		{FF1A6329-0D5F-4849-B66C-C947AEB74AFE}.Debug|x86.ActiveCfg = Debug|Any CPU
		{FF1A6329-0D5F-4849-B66C-C947AEB74AFE}.Debug|x86.Build.0 = Debug|Any CPU
		{FF1A6329-0D5F-4849-B66C-C947AEB74AFE}.Release|Any CPU.ActiveCfg = Release|Any CPU
		{FF1A6329-0D5F-4849-B66C-C947AEB74AFE}.Release|Any CPU.Build.0 = Release|Any CPU
		{FF1A6329-0D5F-4849-B66C-C947AEB74AFE}.Release|x64.ActiveCfg = Release|Any CPU
		{FF1A6329-0D5F-4849-B66C-C947AEB74AFE}.Release|x64.Build.0 = Release|Any CPU
		{FF1A6329-0D5F-4849-B66C-C947AEB74AFE}.Release|x86.ActiveCfg = Release|Any CPU
		{FF1A6329-0D5F-4849-B66C-C947AEB74AFE}.Release|x86.Build.0 = Release|Any CPU
		{8729447A-72E9-4FD6-A83F-E00658A109F3}.Debug|Any CPU.ActiveCfg = Debug|Any CPU
		{8729447A-72E9-4FD6-A83F-E00658A109F3}.Debug|Any CPU.Build.0 = Debug|Any CPU
		{8729447A-72E9-4FD6-A83F-E00658A109F3}.Debug|x64.ActiveCfg = Debug|Any CPU
		{8729447A-72E9-4FD6-A83F-E00658A109F3}.Debug|x64.Build.0 = Debug|Any CPU
		{8729447A-72E9-4FD6-A83F-E00658A109F3}.Debug|x86.ActiveCfg = Debug|Any CPU
		{8729447A-72E9-4FD6-A83F-E00658A109F3}.Debug|x86.Build.0 = Debug|Any CPU
		{8729447A-72E9-4FD6-A83F-E00658A109F3}.Release|Any CPU.ActiveCfg = Release|Any CPU
		{8729447A-72E9-4FD6-A83F-E00658A109F3}.Release|Any CPU.Build.0 = Release|Any CPU
		{8729447A-72E9-4FD6-A83F-E00658A109F3}.Release|x64.ActiveCfg = Release|Any CPU
		{8729447A-72E9-4FD6-A83F-E00658A109F3}.Release|x64.Build.0 = Release|Any CPU
		{8729447A-72E9-4FD6-A83F-E00658A109F3}.Release|x86.ActiveCfg = Release|Any CPU
		{8729447A-72E9-4FD6-A83F-E00658A109F3}.Release|x86.Build.0 = Release|Any CPU
		{C6C39E87-38D9-4C21-8BA8-763E81BED945}.Debug|Any CPU.ActiveCfg = Debug|Any CPU
		{C6C39E87-38D9-4C21-8BA8-763E81BED945}.Debug|Any CPU.Build.0 = Debug|Any CPU
		{C6C39E87-38D9-4C21-8BA8-763E81BED945}.Debug|x64.ActiveCfg = Debug|Any CPU
		{C6C39E87-38D9-4C21-8BA8-763E81BED945}.Debug|x64.Build.0 = Debug|Any CPU
		{C6C39E87-38D9-4C21-8BA8-763E81BED945}.Debug|x86.ActiveCfg = Debug|Any CPU
		{C6C39E87-38D9-4C21-8BA8-763E81BED945}.Debug|x86.Build.0 = Debug|Any CPU
		{C6C39E87-38D9-4C21-8BA8-763E81BED945}.Release|Any CPU.ActiveCfg = Release|Any CPU
		{C6C39E87-38D9-4C21-8BA8-763E81BED945}.Release|Any CPU.Build.0 = Release|Any CPU
		{C6C39E87-38D9-4C21-8BA8-763E81BED945}.Release|x64.ActiveCfg = Release|Any CPU
		{C6C39E87-38D9-4C21-8BA8-763E81BED945}.Release|x64.Build.0 = Release|Any CPU
		{C6C39E87-38D9-4C21-8BA8-763E81BED945}.Release|x86.ActiveCfg = Release|Any CPU
		{C6C39E87-38D9-4C21-8BA8-763E81BED945}.Release|x86.Build.0 = Release|Any CPU
		{EF560B85-2ED8-43D1-B6C4-8B9A86EA5A99}.Debug|Any CPU.ActiveCfg = Debug|Any CPU
		{EF560B85-2ED8-43D1-B6C4-8B9A86EA5A99}.Debug|Any CPU.Build.0 = Debug|Any CPU
		{EF560B85-2ED8-43D1-B6C4-8B9A86EA5A99}.Debug|x64.ActiveCfg = Debug|Any CPU
		{EF560B85-2ED8-43D1-B6C4-8B9A86EA5A99}.Debug|x64.Build.0 = Debug|Any CPU
		{EF560B85-2ED8-43D1-B6C4-8B9A86EA5A99}.Debug|x86.ActiveCfg = Debug|Any CPU
		{EF560B85-2ED8-43D1-B6C4-8B9A86EA5A99}.Debug|x86.Build.0 = Debug|Any CPU
		{EF560B85-2ED8-43D1-B6C4-8B9A86EA5A99}.Release|Any CPU.ActiveCfg = Release|Any CPU
		{EF560B85-2ED8-43D1-B6C4-8B9A86EA5A99}.Release|Any CPU.Build.0 = Release|Any CPU
		{EF560B85-2ED8-43D1-B6C4-8B9A86EA5A99}.Release|x64.ActiveCfg = Release|Any CPU
		{EF560B85-2ED8-43D1-B6C4-8B9A86EA5A99}.Release|x64.Build.0 = Release|Any CPU
		{EF560B85-2ED8-43D1-B6C4-8B9A86EA5A99}.Release|x86.ActiveCfg = Release|Any CPU
		{EF560B85-2ED8-43D1-B6C4-8B9A86EA5A99}.Release|x86.Build.0 = Release|Any CPU
		{4F6DDD4B-53A2-47AA-9291-EE018F3AD880}.Debug|Any CPU.ActiveCfg = Debug|Any CPU
		{4F6DDD4B-53A2-47AA-9291-EE018F3AD880}.Debug|Any CPU.Build.0 = Debug|Any CPU
		{4F6DDD4B-53A2-47AA-9291-EE018F3AD880}.Debug|x64.ActiveCfg = Debug|Any CPU
		{4F6DDD4B-53A2-47AA-9291-EE018F3AD880}.Debug|x64.Build.0 = Debug|Any CPU
		{4F6DDD4B-53A2-47AA-9291-EE018F3AD880}.Debug|x86.ActiveCfg = Debug|Any CPU
		{4F6DDD4B-53A2-47AA-9291-EE018F3AD880}.Debug|x86.Build.0 = Debug|Any CPU
		{4F6DDD4B-53A2-47AA-9291-EE018F3AD880}.Release|Any CPU.ActiveCfg = Release|Any CPU
		{4F6DDD4B-53A2-47AA-9291-EE018F3AD880}.Release|Any CPU.Build.0 = Release|Any CPU
		{4F6DDD4B-53A2-47AA-9291-EE018F3AD880}.Release|x64.ActiveCfg = Release|Any CPU
		{4F6DDD4B-53A2-47AA-9291-EE018F3AD880}.Release|x64.Build.0 = Release|Any CPU
		{4F6DDD4B-53A2-47AA-9291-EE018F3AD880}.Release|x86.ActiveCfg = Release|Any CPU
		{4F6DDD4B-53A2-47AA-9291-EE018F3AD880}.Release|x86.Build.0 = Release|Any CPU
		{FB7E20EB-B2E3-456E-8535-762BE108680B}.Debug|Any CPU.ActiveCfg = Debug|Any CPU
		{FB7E20EB-B2E3-456E-8535-762BE108680B}.Debug|Any CPU.Build.0 = Debug|Any CPU
		{FB7E20EB-B2E3-456E-8535-762BE108680B}.Debug|x64.ActiveCfg = Debug|Any CPU
		{FB7E20EB-B2E3-456E-8535-762BE108680B}.Debug|x64.Build.0 = Debug|Any CPU
		{FB7E20EB-B2E3-456E-8535-762BE108680B}.Debug|x86.ActiveCfg = Debug|Any CPU
		{FB7E20EB-B2E3-456E-8535-762BE108680B}.Debug|x86.Build.0 = Debug|Any CPU
		{FB7E20EB-B2E3-456E-8535-762BE108680B}.Release|Any CPU.ActiveCfg = Release|Any CPU
		{FB7E20EB-B2E3-456E-8535-762BE108680B}.Release|Any CPU.Build.0 = Release|Any CPU
		{FB7E20EB-B2E3-456E-8535-762BE108680B}.Release|x64.ActiveCfg = Release|Any CPU
		{FB7E20EB-B2E3-456E-8535-762BE108680B}.Release|x64.Build.0 = Release|Any CPU
		{FB7E20EB-B2E3-456E-8535-762BE108680B}.Release|x86.ActiveCfg = Release|Any CPU
		{FB7E20EB-B2E3-456E-8535-762BE108680B}.Release|x86.Build.0 = Release|Any CPU
		{5A68D7FA-4FBD-478B-9E63-494974B88AC9}.Debug|Any CPU.ActiveCfg = Debug|Any CPU
		{5A68D7FA-4FBD-478B-9E63-494974B88AC9}.Debug|Any CPU.Build.0 = Debug|Any CPU
		{5A68D7FA-4FBD-478B-9E63-494974B88AC9}.Debug|x64.ActiveCfg = Debug|Any CPU
		{5A68D7FA-4FBD-478B-9E63-494974B88AC9}.Debug|x64.Build.0 = Debug|Any CPU
		{5A68D7FA-4FBD-478B-9E63-494974B88AC9}.Debug|x86.ActiveCfg = Debug|Any CPU
		{5A68D7FA-4FBD-478B-9E63-494974B88AC9}.Debug|x86.Build.0 = Debug|Any CPU
		{5A68D7FA-4FBD-478B-9E63-494974B88AC9}.Release|Any CPU.ActiveCfg = Release|Any CPU
		{5A68D7FA-4FBD-478B-9E63-494974B88AC9}.Release|Any CPU.Build.0 = Release|Any CPU
		{5A68D7FA-4FBD-478B-9E63-494974B88AC9}.Release|x64.ActiveCfg = Release|Any CPU
		{5A68D7FA-4FBD-478B-9E63-494974B88AC9}.Release|x64.Build.0 = Release|Any CPU
		{5A68D7FA-4FBD-478B-9E63-494974B88AC9}.Release|x86.ActiveCfg = Release|Any CPU
		{5A68D7FA-4FBD-478B-9E63-494974B88AC9}.Release|x86.Build.0 = Release|Any CPU
		{85ADAB53-463D-4C7E-8CF0-5C3D7AD41640}.Debug|Any CPU.ActiveCfg = Debug|Any CPU
		{85ADAB53-463D-4C7E-8CF0-5C3D7AD41640}.Debug|Any CPU.Build.0 = Debug|Any CPU
		{85ADAB53-463D-4C7E-8CF0-5C3D7AD41640}.Debug|x64.ActiveCfg = Debug|Any CPU
		{85ADAB53-463D-4C7E-8CF0-5C3D7AD41640}.Debug|x64.Build.0 = Debug|Any CPU
		{85ADAB53-463D-4C7E-8CF0-5C3D7AD41640}.Debug|x86.ActiveCfg = Debug|Any CPU
		{85ADAB53-463D-4C7E-8CF0-5C3D7AD41640}.Debug|x86.Build.0 = Debug|Any CPU
		{85ADAB53-463D-4C7E-8CF0-5C3D7AD41640}.Release|Any CPU.ActiveCfg = Release|Any CPU
		{85ADAB53-463D-4C7E-8CF0-5C3D7AD41640}.Release|Any CPU.Build.0 = Release|Any CPU
		{85ADAB53-463D-4C7E-8CF0-5C3D7AD41640}.Release|x64.ActiveCfg = Release|Any CPU
		{85ADAB53-463D-4C7E-8CF0-5C3D7AD41640}.Release|x64.Build.0 = Release|Any CPU
		{85ADAB53-463D-4C7E-8CF0-5C3D7AD41640}.Release|x86.ActiveCfg = Release|Any CPU
		{85ADAB53-463D-4C7E-8CF0-5C3D7AD41640}.Release|x86.Build.0 = Release|Any CPU
		{2812770F-E92A-4AD3-BED8-56A16F9B9847}.Debug|Any CPU.ActiveCfg = Debug|Any CPU
		{2812770F-E92A-4AD3-BED8-56A16F9B9847}.Debug|Any CPU.Build.0 = Debug|Any CPU
		{2812770F-E92A-4AD3-BED8-56A16F9B9847}.Debug|x64.ActiveCfg = Debug|Any CPU
		{2812770F-E92A-4AD3-BED8-56A16F9B9847}.Debug|x64.Build.0 = Debug|Any CPU
		{2812770F-E92A-4AD3-BED8-56A16F9B9847}.Debug|x86.ActiveCfg = Debug|Any CPU
		{2812770F-E92A-4AD3-BED8-56A16F9B9847}.Debug|x86.Build.0 = Debug|Any CPU
		{2812770F-E92A-4AD3-BED8-56A16F9B9847}.Release|Any CPU.ActiveCfg = Release|Any CPU
		{2812770F-E92A-4AD3-BED8-56A16F9B9847}.Release|Any CPU.Build.0 = Release|Any CPU
		{2812770F-E92A-4AD3-BED8-56A16F9B9847}.Release|x64.ActiveCfg = Release|Any CPU
		{2812770F-E92A-4AD3-BED8-56A16F9B9847}.Release|x64.Build.0 = Release|Any CPU
		{2812770F-E92A-4AD3-BED8-56A16F9B9847}.Release|x86.ActiveCfg = Release|Any CPU
		{2812770F-E92A-4AD3-BED8-56A16F9B9847}.Release|x86.Build.0 = Release|Any CPU
		{65532131-A98A-42F5-80D5-54990D377F0A}.Debug|Any CPU.ActiveCfg = Debug|Any CPU
		{65532131-A98A-42F5-80D5-54990D377F0A}.Debug|Any CPU.Build.0 = Debug|Any CPU
		{65532131-A98A-42F5-80D5-54990D377F0A}.Debug|x64.ActiveCfg = Debug|Any CPU
		{65532131-A98A-42F5-80D5-54990D377F0A}.Debug|x64.Build.0 = Debug|Any CPU
		{65532131-A98A-42F5-80D5-54990D377F0A}.Debug|x86.ActiveCfg = Debug|Any CPU
		{65532131-A98A-42F5-80D5-54990D377F0A}.Debug|x86.Build.0 = Debug|Any CPU
		{65532131-A98A-42F5-80D5-54990D377F0A}.Release|Any CPU.ActiveCfg = Release|Any CPU
		{65532131-A98A-42F5-80D5-54990D377F0A}.Release|Any CPU.Build.0 = Release|Any CPU
		{65532131-A98A-42F5-80D5-54990D377F0A}.Release|x64.ActiveCfg = Release|Any CPU
		{65532131-A98A-42F5-80D5-54990D377F0A}.Release|x64.Build.0 = Release|Any CPU
		{65532131-A98A-42F5-80D5-54990D377F0A}.Release|x86.ActiveCfg = Release|Any CPU
		{65532131-A98A-42F5-80D5-54990D377F0A}.Release|x86.Build.0 = Release|Any CPU
		{04FE4900-FA9F-4CD6-83A5-C3954A8660B5}.Debug|Any CPU.ActiveCfg = Debug|Any CPU
		{04FE4900-FA9F-4CD6-83A5-C3954A8660B5}.Debug|Any CPU.Build.0 = Debug|Any CPU
		{04FE4900-FA9F-4CD6-83A5-C3954A8660B5}.Debug|x64.ActiveCfg = Debug|Any CPU
		{04FE4900-FA9F-4CD6-83A5-C3954A8660B5}.Debug|x64.Build.0 = Debug|Any CPU
		{04FE4900-FA9F-4CD6-83A5-C3954A8660B5}.Debug|x86.ActiveCfg = Debug|Any CPU
		{04FE4900-FA9F-4CD6-83A5-C3954A8660B5}.Debug|x86.Build.0 = Debug|Any CPU
		{04FE4900-FA9F-4CD6-83A5-C3954A8660B5}.Release|Any CPU.ActiveCfg = Release|Any CPU
		{04FE4900-FA9F-4CD6-83A5-C3954A8660B5}.Release|Any CPU.Build.0 = Release|Any CPU
		{04FE4900-FA9F-4CD6-83A5-C3954A8660B5}.Release|x64.ActiveCfg = Release|Any CPU
		{04FE4900-FA9F-4CD6-83A5-C3954A8660B5}.Release|x64.Build.0 = Release|Any CPU
		{04FE4900-FA9F-4CD6-83A5-C3954A8660B5}.Release|x86.ActiveCfg = Release|Any CPU
		{04FE4900-FA9F-4CD6-83A5-C3954A8660B5}.Release|x86.Build.0 = Release|Any CPU
		{7B05DF0B-C909-4E3E-966D-14E6E7AE396E}.Debug|Any CPU.ActiveCfg = Debug|Any CPU
		{7B05DF0B-C909-4E3E-966D-14E6E7AE396E}.Debug|Any CPU.Build.0 = Debug|Any CPU
		{7B05DF0B-C909-4E3E-966D-14E6E7AE396E}.Debug|x64.ActiveCfg = Debug|Any CPU
		{7B05DF0B-C909-4E3E-966D-14E6E7AE396E}.Debug|x64.Build.0 = Debug|Any CPU
		{7B05DF0B-C909-4E3E-966D-14E6E7AE396E}.Debug|x86.ActiveCfg = Debug|Any CPU
		{7B05DF0B-C909-4E3E-966D-14E6E7AE396E}.Debug|x86.Build.0 = Debug|Any CPU
		{7B05DF0B-C909-4E3E-966D-14E6E7AE396E}.Release|Any CPU.ActiveCfg = Release|Any CPU
		{7B05DF0B-C909-4E3E-966D-14E6E7AE396E}.Release|Any CPU.Build.0 = Release|Any CPU
		{7B05DF0B-C909-4E3E-966D-14E6E7AE396E}.Release|x64.ActiveCfg = Release|Any CPU
		{7B05DF0B-C909-4E3E-966D-14E6E7AE396E}.Release|x64.Build.0 = Release|Any CPU
		{7B05DF0B-C909-4E3E-966D-14E6E7AE396E}.Release|x86.ActiveCfg = Release|Any CPU
		{7B05DF0B-C909-4E3E-966D-14E6E7AE396E}.Release|x86.Build.0 = Release|Any CPU
		{D901E427-EE05-4D7D-B168-5AE8CE7E6A94}.Debug|Any CPU.ActiveCfg = Debug|Any CPU
		{D901E427-EE05-4D7D-B168-5AE8CE7E6A94}.Debug|Any CPU.Build.0 = Debug|Any CPU
		{D901E427-EE05-4D7D-B168-5AE8CE7E6A94}.Debug|x64.ActiveCfg = Debug|Any CPU
		{D901E427-EE05-4D7D-B168-5AE8CE7E6A94}.Debug|x64.Build.0 = Debug|Any CPU
		{D901E427-EE05-4D7D-B168-5AE8CE7E6A94}.Debug|x86.ActiveCfg = Debug|Any CPU
		{D901E427-EE05-4D7D-B168-5AE8CE7E6A94}.Debug|x86.Build.0 = Debug|Any CPU
		{D901E427-EE05-4D7D-B168-5AE8CE7E6A94}.Release|Any CPU.ActiveCfg = Release|Any CPU
		{D901E427-EE05-4D7D-B168-5AE8CE7E6A94}.Release|Any CPU.Build.0 = Release|Any CPU
		{D901E427-EE05-4D7D-B168-5AE8CE7E6A94}.Release|x64.ActiveCfg = Release|Any CPU
		{D901E427-EE05-4D7D-B168-5AE8CE7E6A94}.Release|x64.Build.0 = Release|Any CPU
		{D901E427-EE05-4D7D-B168-5AE8CE7E6A94}.Release|x86.ActiveCfg = Release|Any CPU
		{D901E427-EE05-4D7D-B168-5AE8CE7E6A94}.Release|x86.Build.0 = Release|Any CPU
		{384E7014-C75A-4719-9012-FAE04D0EFFC1}.Debug|Any CPU.ActiveCfg = Debug|Any CPU
		{384E7014-C75A-4719-9012-FAE04D0EFFC1}.Debug|Any CPU.Build.0 = Debug|Any CPU
		{384E7014-C75A-4719-9012-FAE04D0EFFC1}.Debug|x64.ActiveCfg = Debug|Any CPU
		{384E7014-C75A-4719-9012-FAE04D0EFFC1}.Debug|x64.Build.0 = Debug|Any CPU
		{384E7014-C75A-4719-9012-FAE04D0EFFC1}.Debug|x86.ActiveCfg = Debug|Any CPU
		{384E7014-C75A-4719-9012-FAE04D0EFFC1}.Debug|x86.Build.0 = Debug|Any CPU
		{384E7014-C75A-4719-9012-FAE04D0EFFC1}.Release|Any CPU.ActiveCfg = Release|Any CPU
		{384E7014-C75A-4719-9012-FAE04D0EFFC1}.Release|Any CPU.Build.0 = Release|Any CPU
		{384E7014-C75A-4719-9012-FAE04D0EFFC1}.Release|x64.ActiveCfg = Release|Any CPU
		{384E7014-C75A-4719-9012-FAE04D0EFFC1}.Release|x64.Build.0 = Release|Any CPU
		{384E7014-C75A-4719-9012-FAE04D0EFFC1}.Release|x86.ActiveCfg = Release|Any CPU
		{384E7014-C75A-4719-9012-FAE04D0EFFC1}.Release|x86.Build.0 = Release|Any CPU
		{715C7B86-62F8-453D-8D50-9833967BE29D}.Debug|Any CPU.ActiveCfg = Debug|Any CPU
		{715C7B86-62F8-453D-8D50-9833967BE29D}.Debug|Any CPU.Build.0 = Debug|Any CPU
		{715C7B86-62F8-453D-8D50-9833967BE29D}.Debug|x64.ActiveCfg = Debug|Any CPU
		{715C7B86-62F8-453D-8D50-9833967BE29D}.Debug|x64.Build.0 = Debug|Any CPU
		{715C7B86-62F8-453D-8D50-9833967BE29D}.Debug|x86.ActiveCfg = Debug|Any CPU
		{715C7B86-62F8-453D-8D50-9833967BE29D}.Debug|x86.Build.0 = Debug|Any CPU
		{715C7B86-62F8-453D-8D50-9833967BE29D}.Release|Any CPU.ActiveCfg = Release|Any CPU
		{715C7B86-62F8-453D-8D50-9833967BE29D}.Release|Any CPU.Build.0 = Release|Any CPU
		{715C7B86-62F8-453D-8D50-9833967BE29D}.Release|x64.ActiveCfg = Release|Any CPU
		{715C7B86-62F8-453D-8D50-9833967BE29D}.Release|x64.Build.0 = Release|Any CPU
		{715C7B86-62F8-453D-8D50-9833967BE29D}.Release|x86.ActiveCfg = Release|Any CPU
		{715C7B86-62F8-453D-8D50-9833967BE29D}.Release|x86.Build.0 = Release|Any CPU
		{7648E538-CC3D-4769-B041-F1847F37273E}.Debug|Any CPU.ActiveCfg = Debug|Any CPU
		{7648E538-CC3D-4769-B041-F1847F37273E}.Debug|Any CPU.Build.0 = Debug|Any CPU
		{7648E538-CC3D-4769-B041-F1847F37273E}.Debug|x64.ActiveCfg = Debug|Any CPU
		{7648E538-CC3D-4769-B041-F1847F37273E}.Debug|x64.Build.0 = Debug|Any CPU
		{7648E538-CC3D-4769-B041-F1847F37273E}.Debug|x86.ActiveCfg = Debug|Any CPU
		{7648E538-CC3D-4769-B041-F1847F37273E}.Debug|x86.Build.0 = Debug|Any CPU
		{7648E538-CC3D-4769-B041-F1847F37273E}.Release|Any CPU.ActiveCfg = Release|Any CPU
		{7648E538-CC3D-4769-B041-F1847F37273E}.Release|Any CPU.Build.0 = Release|Any CPU
		{7648E538-CC3D-4769-B041-F1847F37273E}.Release|x64.ActiveCfg = Release|Any CPU
		{7648E538-CC3D-4769-B041-F1847F37273E}.Release|x64.Build.0 = Release|Any CPU
		{7648E538-CC3D-4769-B041-F1847F37273E}.Release|x86.ActiveCfg = Release|Any CPU
		{7648E538-CC3D-4769-B041-F1847F37273E}.Release|x86.Build.0 = Release|Any CPU
		{2F3AF803-714E-4C4B-8E7F-B657EAC1401D}.Debug|Any CPU.ActiveCfg = Debug|Any CPU
		{2F3AF803-714E-4C4B-8E7F-B657EAC1401D}.Debug|Any CPU.Build.0 = Debug|Any CPU
		{2F3AF803-714E-4C4B-8E7F-B657EAC1401D}.Debug|x64.ActiveCfg = Debug|Any CPU
		{2F3AF803-714E-4C4B-8E7F-B657EAC1401D}.Debug|x64.Build.0 = Debug|Any CPU
		{2F3AF803-714E-4C4B-8E7F-B657EAC1401D}.Debug|x86.ActiveCfg = Debug|Any CPU
		{2F3AF803-714E-4C4B-8E7F-B657EAC1401D}.Debug|x86.Build.0 = Debug|Any CPU
		{2F3AF803-714E-4C4B-8E7F-B657EAC1401D}.Release|Any CPU.ActiveCfg = Release|Any CPU
		{2F3AF803-714E-4C4B-8E7F-B657EAC1401D}.Release|Any CPU.Build.0 = Release|Any CPU
		{2F3AF803-714E-4C4B-8E7F-B657EAC1401D}.Release|x64.ActiveCfg = Release|Any CPU
		{2F3AF803-714E-4C4B-8E7F-B657EAC1401D}.Release|x64.Build.0 = Release|Any CPU
		{2F3AF803-714E-4C4B-8E7F-B657EAC1401D}.Release|x86.ActiveCfg = Release|Any CPU
		{2F3AF803-714E-4C4B-8E7F-B657EAC1401D}.Release|x86.Build.0 = Release|Any CPU
		{29EE950C-75DE-4BAA-8405-A0C994EBCBCE}.Debug|Any CPU.ActiveCfg = Debug|Any CPU
		{29EE950C-75DE-4BAA-8405-A0C994EBCBCE}.Debug|Any CPU.Build.0 = Debug|Any CPU
		{29EE950C-75DE-4BAA-8405-A0C994EBCBCE}.Debug|x64.ActiveCfg = Debug|Any CPU
		{29EE950C-75DE-4BAA-8405-A0C994EBCBCE}.Debug|x64.Build.0 = Debug|Any CPU
		{29EE950C-75DE-4BAA-8405-A0C994EBCBCE}.Debug|x86.ActiveCfg = Debug|Any CPU
		{29EE950C-75DE-4BAA-8405-A0C994EBCBCE}.Debug|x86.Build.0 = Debug|Any CPU
		{29EE950C-75DE-4BAA-8405-A0C994EBCBCE}.Release|Any CPU.ActiveCfg = Release|Any CPU
		{29EE950C-75DE-4BAA-8405-A0C994EBCBCE}.Release|Any CPU.Build.0 = Release|Any CPU
		{29EE950C-75DE-4BAA-8405-A0C994EBCBCE}.Release|x64.ActiveCfg = Release|Any CPU
		{29EE950C-75DE-4BAA-8405-A0C994EBCBCE}.Release|x64.Build.0 = Release|Any CPU
		{29EE950C-75DE-4BAA-8405-A0C994EBCBCE}.Release|x86.ActiveCfg = Release|Any CPU
		{29EE950C-75DE-4BAA-8405-A0C994EBCBCE}.Release|x86.Build.0 = Release|Any CPU
		{975D07F8-8D57-4FF0-B05A-E2EEBA4A0AB1}.Debug|Any CPU.ActiveCfg = Debug|Any CPU
		{975D07F8-8D57-4FF0-B05A-E2EEBA4A0AB1}.Debug|Any CPU.Build.0 = Debug|Any CPU
		{975D07F8-8D57-4FF0-B05A-E2EEBA4A0AB1}.Debug|x64.ActiveCfg = Debug|Any CPU
		{975D07F8-8D57-4FF0-B05A-E2EEBA4A0AB1}.Debug|x64.Build.0 = Debug|Any CPU
		{975D07F8-8D57-4FF0-B05A-E2EEBA4A0AB1}.Debug|x86.ActiveCfg = Debug|Any CPU
		{975D07F8-8D57-4FF0-B05A-E2EEBA4A0AB1}.Debug|x86.Build.0 = Debug|Any CPU
		{975D07F8-8D57-4FF0-B05A-E2EEBA4A0AB1}.Release|Any CPU.ActiveCfg = Release|Any CPU
		{975D07F8-8D57-4FF0-B05A-E2EEBA4A0AB1}.Release|Any CPU.Build.0 = Release|Any CPU
		{975D07F8-8D57-4FF0-B05A-E2EEBA4A0AB1}.Release|x64.ActiveCfg = Release|Any CPU
		{975D07F8-8D57-4FF0-B05A-E2EEBA4A0AB1}.Release|x64.Build.0 = Release|Any CPU
		{975D07F8-8D57-4FF0-B05A-E2EEBA4A0AB1}.Release|x86.ActiveCfg = Release|Any CPU
		{975D07F8-8D57-4FF0-B05A-E2EEBA4A0AB1}.Release|x86.Build.0 = Release|Any CPU
		{88221843-F3D8-4E66-8251-44C5DA6ADF38}.Debug|Any CPU.ActiveCfg = Debug|Any CPU
		{88221843-F3D8-4E66-8251-44C5DA6ADF38}.Debug|Any CPU.Build.0 = Debug|Any CPU
		{88221843-F3D8-4E66-8251-44C5DA6ADF38}.Debug|x64.ActiveCfg = Debug|Any CPU
		{88221843-F3D8-4E66-8251-44C5DA6ADF38}.Debug|x64.Build.0 = Debug|Any CPU
		{88221843-F3D8-4E66-8251-44C5DA6ADF38}.Debug|x86.ActiveCfg = Debug|Any CPU
		{88221843-F3D8-4E66-8251-44C5DA6ADF38}.Debug|x86.Build.0 = Debug|Any CPU
		{88221843-F3D8-4E66-8251-44C5DA6ADF38}.Release|Any CPU.ActiveCfg = Release|Any CPU
		{88221843-F3D8-4E66-8251-44C5DA6ADF38}.Release|Any CPU.Build.0 = Release|Any CPU
		{88221843-F3D8-4E66-8251-44C5DA6ADF38}.Release|x64.ActiveCfg = Release|Any CPU
		{88221843-F3D8-4E66-8251-44C5DA6ADF38}.Release|x64.Build.0 = Release|Any CPU
		{88221843-F3D8-4E66-8251-44C5DA6ADF38}.Release|x86.ActiveCfg = Release|Any CPU
		{88221843-F3D8-4E66-8251-44C5DA6ADF38}.Release|x86.Build.0 = Release|Any CPU
		{E4820A9A-2E53-49B1-BD09-A476A1EF8D64}.Debug|Any CPU.ActiveCfg = Debug|Any CPU
		{E4820A9A-2E53-49B1-BD09-A476A1EF8D64}.Debug|Any CPU.Build.0 = Debug|Any CPU
		{E4820A9A-2E53-49B1-BD09-A476A1EF8D64}.Debug|x64.ActiveCfg = Debug|Any CPU
		{E4820A9A-2E53-49B1-BD09-A476A1EF8D64}.Debug|x64.Build.0 = Debug|Any CPU
		{E4820A9A-2E53-49B1-BD09-A476A1EF8D64}.Debug|x86.ActiveCfg = Debug|Any CPU
		{E4820A9A-2E53-49B1-BD09-A476A1EF8D64}.Debug|x86.Build.0 = Debug|Any CPU
		{E4820A9A-2E53-49B1-BD09-A476A1EF8D64}.Release|Any CPU.ActiveCfg = Release|Any CPU
		{E4820A9A-2E53-49B1-BD09-A476A1EF8D64}.Release|Any CPU.Build.0 = Release|Any CPU
		{E4820A9A-2E53-49B1-BD09-A476A1EF8D64}.Release|x64.ActiveCfg = Release|Any CPU
		{E4820A9A-2E53-49B1-BD09-A476A1EF8D64}.Release|x64.Build.0 = Release|Any CPU
		{E4820A9A-2E53-49B1-BD09-A476A1EF8D64}.Release|x86.ActiveCfg = Release|Any CPU
		{E4820A9A-2E53-49B1-BD09-A476A1EF8D64}.Release|x86.Build.0 = Release|Any CPU
		{E6F251FB-3B7A-4FE8-B804-6A7184D263C1}.Debug|Any CPU.ActiveCfg = Debug|Any CPU
		{E6F251FB-3B7A-4FE8-B804-6A7184D263C1}.Debug|Any CPU.Build.0 = Debug|Any CPU
		{E6F251FB-3B7A-4FE8-B804-6A7184D263C1}.Debug|x64.ActiveCfg = Debug|Any CPU
		{E6F251FB-3B7A-4FE8-B804-6A7184D263C1}.Debug|x64.Build.0 = Debug|Any CPU
		{E6F251FB-3B7A-4FE8-B804-6A7184D263C1}.Debug|x86.ActiveCfg = Debug|Any CPU
		{E6F251FB-3B7A-4FE8-B804-6A7184D263C1}.Debug|x86.Build.0 = Debug|Any CPU
		{E6F251FB-3B7A-4FE8-B804-6A7184D263C1}.Release|Any CPU.ActiveCfg = Release|Any CPU
		{E6F251FB-3B7A-4FE8-B804-6A7184D263C1}.Release|Any CPU.Build.0 = Release|Any CPU
		{E6F251FB-3B7A-4FE8-B804-6A7184D263C1}.Release|x64.ActiveCfg = Release|Any CPU
		{E6F251FB-3B7A-4FE8-B804-6A7184D263C1}.Release|x64.Build.0 = Release|Any CPU
		{E6F251FB-3B7A-4FE8-B804-6A7184D263C1}.Release|x86.ActiveCfg = Release|Any CPU
		{E6F251FB-3B7A-4FE8-B804-6A7184D263C1}.Release|x86.Build.0 = Release|Any CPU
		{7B2CBB03-DE62-486B-AD1A-9298F21B4E2E}.Debug|Any CPU.ActiveCfg = Debug|Any CPU
		{7B2CBB03-DE62-486B-AD1A-9298F21B4E2E}.Debug|Any CPU.Build.0 = Debug|Any CPU
		{7B2CBB03-DE62-486B-AD1A-9298F21B4E2E}.Debug|x64.ActiveCfg = Debug|Any CPU
		{7B2CBB03-DE62-486B-AD1A-9298F21B4E2E}.Debug|x64.Build.0 = Debug|Any CPU
		{7B2CBB03-DE62-486B-AD1A-9298F21B4E2E}.Debug|x86.ActiveCfg = Debug|Any CPU
		{7B2CBB03-DE62-486B-AD1A-9298F21B4E2E}.Debug|x86.Build.0 = Debug|Any CPU
		{7B2CBB03-DE62-486B-AD1A-9298F21B4E2E}.Release|Any CPU.ActiveCfg = Release|Any CPU
		{7B2CBB03-DE62-486B-AD1A-9298F21B4E2E}.Release|Any CPU.Build.0 = Release|Any CPU
		{7B2CBB03-DE62-486B-AD1A-9298F21B4E2E}.Release|x64.ActiveCfg = Release|Any CPU
		{7B2CBB03-DE62-486B-AD1A-9298F21B4E2E}.Release|x64.Build.0 = Release|Any CPU
		{7B2CBB03-DE62-486B-AD1A-9298F21B4E2E}.Release|x86.ActiveCfg = Release|Any CPU
		{7B2CBB03-DE62-486B-AD1A-9298F21B4E2E}.Release|x86.Build.0 = Release|Any CPU
		{E16024A7-7F4E-43CA-A07C-BFD409002FF8}.Debug|Any CPU.ActiveCfg = Debug|Any CPU
		{E16024A7-7F4E-43CA-A07C-BFD409002FF8}.Debug|Any CPU.Build.0 = Debug|Any CPU
		{E16024A7-7F4E-43CA-A07C-BFD409002FF8}.Debug|x64.ActiveCfg = Debug|Any CPU
		{E16024A7-7F4E-43CA-A07C-BFD409002FF8}.Debug|x64.Build.0 = Debug|Any CPU
		{E16024A7-7F4E-43CA-A07C-BFD409002FF8}.Debug|x86.ActiveCfg = Debug|Any CPU
		{E16024A7-7F4E-43CA-A07C-BFD409002FF8}.Debug|x86.Build.0 = Debug|Any CPU
		{E16024A7-7F4E-43CA-A07C-BFD409002FF8}.Release|Any CPU.ActiveCfg = Release|Any CPU
		{E16024A7-7F4E-43CA-A07C-BFD409002FF8}.Release|Any CPU.Build.0 = Release|Any CPU
		{E16024A7-7F4E-43CA-A07C-BFD409002FF8}.Release|x64.ActiveCfg = Release|Any CPU
		{E16024A7-7F4E-43CA-A07C-BFD409002FF8}.Release|x64.Build.0 = Release|Any CPU
		{E16024A7-7F4E-43CA-A07C-BFD409002FF8}.Release|x86.ActiveCfg = Release|Any CPU
		{E16024A7-7F4E-43CA-A07C-BFD409002FF8}.Release|x86.Build.0 = Release|Any CPU
		{46D733B8-D735-4ED0-8A57-449F483A60CF}.Debug|Any CPU.ActiveCfg = Debug|Any CPU
		{46D733B8-D735-4ED0-8A57-449F483A60CF}.Debug|Any CPU.Build.0 = Debug|Any CPU
		{46D733B8-D735-4ED0-8A57-449F483A60CF}.Debug|x64.ActiveCfg = Debug|Any CPU
		{46D733B8-D735-4ED0-8A57-449F483A60CF}.Debug|x64.Build.0 = Debug|Any CPU
		{46D733B8-D735-4ED0-8A57-449F483A60CF}.Debug|x86.ActiveCfg = Debug|Any CPU
		{46D733B8-D735-4ED0-8A57-449F483A60CF}.Debug|x86.Build.0 = Debug|Any CPU
		{46D733B8-D735-4ED0-8A57-449F483A60CF}.Release|Any CPU.ActiveCfg = Release|Any CPU
		{46D733B8-D735-4ED0-8A57-449F483A60CF}.Release|Any CPU.Build.0 = Release|Any CPU
		{46D733B8-D735-4ED0-8A57-449F483A60CF}.Release|x64.ActiveCfg = Release|Any CPU
		{46D733B8-D735-4ED0-8A57-449F483A60CF}.Release|x64.Build.0 = Release|Any CPU
		{46D733B8-D735-4ED0-8A57-449F483A60CF}.Release|x86.ActiveCfg = Release|Any CPU
		{46D733B8-D735-4ED0-8A57-449F483A60CF}.Release|x86.Build.0 = Release|Any CPU
		{B825B6AC-5D47-415A-8890-940B40AC0695}.Debug|Any CPU.ActiveCfg = Debug|Any CPU
		{B825B6AC-5D47-415A-8890-940B40AC0695}.Debug|Any CPU.Build.0 = Debug|Any CPU
		{B825B6AC-5D47-415A-8890-940B40AC0695}.Debug|x64.ActiveCfg = Debug|Any CPU
		{B825B6AC-5D47-415A-8890-940B40AC0695}.Debug|x64.Build.0 = Debug|Any CPU
		{B825B6AC-5D47-415A-8890-940B40AC0695}.Debug|x86.ActiveCfg = Debug|Any CPU
		{B825B6AC-5D47-415A-8890-940B40AC0695}.Debug|x86.Build.0 = Debug|Any CPU
		{B825B6AC-5D47-415A-8890-940B40AC0695}.Release|Any CPU.ActiveCfg = Release|Any CPU
		{B825B6AC-5D47-415A-8890-940B40AC0695}.Release|Any CPU.Build.0 = Release|Any CPU
		{B825B6AC-5D47-415A-8890-940B40AC0695}.Release|x64.ActiveCfg = Release|Any CPU
		{B825B6AC-5D47-415A-8890-940B40AC0695}.Release|x64.Build.0 = Release|Any CPU
		{B825B6AC-5D47-415A-8890-940B40AC0695}.Release|x86.ActiveCfg = Release|Any CPU
		{B825B6AC-5D47-415A-8890-940B40AC0695}.Release|x86.Build.0 = Release|Any CPU
		{DF33DD1E-918D-47F2-96A1-F97C82CC1651}.Debug|Any CPU.ActiveCfg = Debug|Any CPU
		{DF33DD1E-918D-47F2-96A1-F97C82CC1651}.Debug|Any CPU.Build.0 = Debug|Any CPU
		{DF33DD1E-918D-47F2-96A1-F97C82CC1651}.Debug|x64.ActiveCfg = Debug|Any CPU
		{DF33DD1E-918D-47F2-96A1-F97C82CC1651}.Debug|x64.Build.0 = Debug|Any CPU
		{DF33DD1E-918D-47F2-96A1-F97C82CC1651}.Debug|x86.ActiveCfg = Debug|Any CPU
		{DF33DD1E-918D-47F2-96A1-F97C82CC1651}.Debug|x86.Build.0 = Debug|Any CPU
		{DF33DD1E-918D-47F2-96A1-F97C82CC1651}.Release|Any CPU.ActiveCfg = Release|Any CPU
		{DF33DD1E-918D-47F2-96A1-F97C82CC1651}.Release|Any CPU.Build.0 = Release|Any CPU
		{DF33DD1E-918D-47F2-96A1-F97C82CC1651}.Release|x64.ActiveCfg = Release|Any CPU
		{DF33DD1E-918D-47F2-96A1-F97C82CC1651}.Release|x64.Build.0 = Release|Any CPU
		{DF33DD1E-918D-47F2-96A1-F97C82CC1651}.Release|x86.ActiveCfg = Release|Any CPU
		{DF33DD1E-918D-47F2-96A1-F97C82CC1651}.Release|x86.Build.0 = Release|Any CPU
		{3D76D0B0-FE0A-4CBB-B02F-1FA5D3DF4CE4}.Debug|Any CPU.ActiveCfg = Debug|Any CPU
		{3D76D0B0-FE0A-4CBB-B02F-1FA5D3DF4CE4}.Debug|Any CPU.Build.0 = Debug|Any CPU
		{3D76D0B0-FE0A-4CBB-B02F-1FA5D3DF4CE4}.Debug|x64.ActiveCfg = Debug|Any CPU
		{3D76D0B0-FE0A-4CBB-B02F-1FA5D3DF4CE4}.Debug|x64.Build.0 = Debug|Any CPU
		{3D76D0B0-FE0A-4CBB-B02F-1FA5D3DF4CE4}.Debug|x86.ActiveCfg = Debug|Any CPU
		{3D76D0B0-FE0A-4CBB-B02F-1FA5D3DF4CE4}.Debug|x86.Build.0 = Debug|Any CPU
		{3D76D0B0-FE0A-4CBB-B02F-1FA5D3DF4CE4}.Release|Any CPU.ActiveCfg = Release|Any CPU
		{3D76D0B0-FE0A-4CBB-B02F-1FA5D3DF4CE4}.Release|Any CPU.Build.0 = Release|Any CPU
		{3D76D0B0-FE0A-4CBB-B02F-1FA5D3DF4CE4}.Release|x64.ActiveCfg = Release|Any CPU
		{3D76D0B0-FE0A-4CBB-B02F-1FA5D3DF4CE4}.Release|x64.Build.0 = Release|Any CPU
		{3D76D0B0-FE0A-4CBB-B02F-1FA5D3DF4CE4}.Release|x86.ActiveCfg = Release|Any CPU
		{3D76D0B0-FE0A-4CBB-B02F-1FA5D3DF4CE4}.Release|x86.Build.0 = Release|Any CPU
		{771F9D64-EFE3-447C-8D57-05E581EAE6E7}.Debug|Any CPU.ActiveCfg = Debug|Any CPU
		{771F9D64-EFE3-447C-8D57-05E581EAE6E7}.Debug|Any CPU.Build.0 = Debug|Any CPU
		{771F9D64-EFE3-447C-8D57-05E581EAE6E7}.Debug|x64.ActiveCfg = Debug|Any CPU
		{771F9D64-EFE3-447C-8D57-05E581EAE6E7}.Debug|x64.Build.0 = Debug|Any CPU
		{771F9D64-EFE3-447C-8D57-05E581EAE6E7}.Debug|x86.ActiveCfg = Debug|Any CPU
		{771F9D64-EFE3-447C-8D57-05E581EAE6E7}.Debug|x86.Build.0 = Debug|Any CPU
		{771F9D64-EFE3-447C-8D57-05E581EAE6E7}.Release|Any CPU.ActiveCfg = Release|Any CPU
		{771F9D64-EFE3-447C-8D57-05E581EAE6E7}.Release|Any CPU.Build.0 = Release|Any CPU
		{771F9D64-EFE3-447C-8D57-05E581EAE6E7}.Release|x64.ActiveCfg = Release|Any CPU
		{771F9D64-EFE3-447C-8D57-05E581EAE6E7}.Release|x64.Build.0 = Release|Any CPU
		{771F9D64-EFE3-447C-8D57-05E581EAE6E7}.Release|x86.ActiveCfg = Release|Any CPU
		{771F9D64-EFE3-447C-8D57-05E581EAE6E7}.Release|x86.Build.0 = Release|Any CPU
		{19A8E392-EFEF-455A-BF3D-E83C4EEFCF8F}.Debug|Any CPU.ActiveCfg = Debug|Any CPU
		{19A8E392-EFEF-455A-BF3D-E83C4EEFCF8F}.Debug|Any CPU.Build.0 = Debug|Any CPU
		{19A8E392-EFEF-455A-BF3D-E83C4EEFCF8F}.Debug|x64.ActiveCfg = Debug|Any CPU
		{19A8E392-EFEF-455A-BF3D-E83C4EEFCF8F}.Debug|x64.Build.0 = Debug|Any CPU
		{19A8E392-EFEF-455A-BF3D-E83C4EEFCF8F}.Debug|x86.ActiveCfg = Debug|Any CPU
		{19A8E392-EFEF-455A-BF3D-E83C4EEFCF8F}.Debug|x86.Build.0 = Debug|Any CPU
		{19A8E392-EFEF-455A-BF3D-E83C4EEFCF8F}.Release|Any CPU.ActiveCfg = Release|Any CPU
		{19A8E392-EFEF-455A-BF3D-E83C4EEFCF8F}.Release|Any CPU.Build.0 = Release|Any CPU
		{19A8E392-EFEF-455A-BF3D-E83C4EEFCF8F}.Release|x64.ActiveCfg = Release|Any CPU
		{19A8E392-EFEF-455A-BF3D-E83C4EEFCF8F}.Release|x64.Build.0 = Release|Any CPU
		{19A8E392-EFEF-455A-BF3D-E83C4EEFCF8F}.Release|x86.ActiveCfg = Release|Any CPU
		{19A8E392-EFEF-455A-BF3D-E83C4EEFCF8F}.Release|x86.Build.0 = Release|Any CPU
		{7C90728E-679F-40DE-8E83-D98ECAF4FB09}.Debug|Any CPU.ActiveCfg = Debug|Any CPU
		{7C90728E-679F-40DE-8E83-D98ECAF4FB09}.Debug|Any CPU.Build.0 = Debug|Any CPU
		{7C90728E-679F-40DE-8E83-D98ECAF4FB09}.Debug|x64.ActiveCfg = Debug|Any CPU
		{7C90728E-679F-40DE-8E83-D98ECAF4FB09}.Debug|x64.Build.0 = Debug|Any CPU
		{7C90728E-679F-40DE-8E83-D98ECAF4FB09}.Debug|x86.ActiveCfg = Debug|Any CPU
		{7C90728E-679F-40DE-8E83-D98ECAF4FB09}.Debug|x86.Build.0 = Debug|Any CPU
		{7C90728E-679F-40DE-8E83-D98ECAF4FB09}.Release|Any CPU.ActiveCfg = Release|Any CPU
		{7C90728E-679F-40DE-8E83-D98ECAF4FB09}.Release|Any CPU.Build.0 = Release|Any CPU
		{7C90728E-679F-40DE-8E83-D98ECAF4FB09}.Release|x64.ActiveCfg = Release|Any CPU
		{7C90728E-679F-40DE-8E83-D98ECAF4FB09}.Release|x64.Build.0 = Release|Any CPU
		{7C90728E-679F-40DE-8E83-D98ECAF4FB09}.Release|x86.ActiveCfg = Release|Any CPU
		{7C90728E-679F-40DE-8E83-D98ECAF4FB09}.Release|x86.Build.0 = Release|Any CPU
		{C855C8B9-3CA7-46D8-994D-CFDF0DB73DE7}.Debug|Any CPU.ActiveCfg = Debug|Any CPU
		{C855C8B9-3CA7-46D8-994D-CFDF0DB73DE7}.Debug|Any CPU.Build.0 = Debug|Any CPU
		{C855C8B9-3CA7-46D8-994D-CFDF0DB73DE7}.Debug|x64.ActiveCfg = Debug|Any CPU
		{C855C8B9-3CA7-46D8-994D-CFDF0DB73DE7}.Debug|x64.Build.0 = Debug|Any CPU
		{C855C8B9-3CA7-46D8-994D-CFDF0DB73DE7}.Debug|x86.ActiveCfg = Debug|Any CPU
		{C855C8B9-3CA7-46D8-994D-CFDF0DB73DE7}.Debug|x86.Build.0 = Debug|Any CPU
		{C855C8B9-3CA7-46D8-994D-CFDF0DB73DE7}.Release|Any CPU.ActiveCfg = Release|Any CPU
		{C855C8B9-3CA7-46D8-994D-CFDF0DB73DE7}.Release|Any CPU.Build.0 = Release|Any CPU
		{C855C8B9-3CA7-46D8-994D-CFDF0DB73DE7}.Release|x64.ActiveCfg = Release|Any CPU
		{C855C8B9-3CA7-46D8-994D-CFDF0DB73DE7}.Release|x64.Build.0 = Release|Any CPU
		{C855C8B9-3CA7-46D8-994D-CFDF0DB73DE7}.Release|x86.ActiveCfg = Release|Any CPU
		{C855C8B9-3CA7-46D8-994D-CFDF0DB73DE7}.Release|x86.Build.0 = Release|Any CPU
		{5DAA5368-6927-4183-A0E2-67E3B1D4DA5B}.Debug|Any CPU.ActiveCfg = Debug|Any CPU
		{5DAA5368-6927-4183-A0E2-67E3B1D4DA5B}.Debug|Any CPU.Build.0 = Debug|Any CPU
		{5DAA5368-6927-4183-A0E2-67E3B1D4DA5B}.Debug|x64.ActiveCfg = Debug|Any CPU
		{5DAA5368-6927-4183-A0E2-67E3B1D4DA5B}.Debug|x64.Build.0 = Debug|Any CPU
		{5DAA5368-6927-4183-A0E2-67E3B1D4DA5B}.Debug|x86.ActiveCfg = Debug|Any CPU
		{5DAA5368-6927-4183-A0E2-67E3B1D4DA5B}.Debug|x86.Build.0 = Debug|Any CPU
		{5DAA5368-6927-4183-A0E2-67E3B1D4DA5B}.Release|Any CPU.ActiveCfg = Release|Any CPU
		{5DAA5368-6927-4183-A0E2-67E3B1D4DA5B}.Release|Any CPU.Build.0 = Release|Any CPU
		{5DAA5368-6927-4183-A0E2-67E3B1D4DA5B}.Release|x64.ActiveCfg = Release|Any CPU
		{5DAA5368-6927-4183-A0E2-67E3B1D4DA5B}.Release|x64.Build.0 = Release|Any CPU
		{5DAA5368-6927-4183-A0E2-67E3B1D4DA5B}.Release|x86.ActiveCfg = Release|Any CPU
		{5DAA5368-6927-4183-A0E2-67E3B1D4DA5B}.Release|x86.Build.0 = Release|Any CPU
		{29191C2A-69CF-4DA4-81A0-3F764AA1EA0C}.Debug|Any CPU.ActiveCfg = Debug|Any CPU
		{29191C2A-69CF-4DA4-81A0-3F764AA1EA0C}.Debug|Any CPU.Build.0 = Debug|Any CPU
		{29191C2A-69CF-4DA4-81A0-3F764AA1EA0C}.Debug|x64.ActiveCfg = Debug|Any CPU
		{29191C2A-69CF-4DA4-81A0-3F764AA1EA0C}.Debug|x64.Build.0 = Debug|Any CPU
		{29191C2A-69CF-4DA4-81A0-3F764AA1EA0C}.Debug|x86.ActiveCfg = Debug|Any CPU
		{29191C2A-69CF-4DA4-81A0-3F764AA1EA0C}.Debug|x86.Build.0 = Debug|Any CPU
		{29191C2A-69CF-4DA4-81A0-3F764AA1EA0C}.Release|Any CPU.ActiveCfg = Release|Any CPU
		{29191C2A-69CF-4DA4-81A0-3F764AA1EA0C}.Release|Any CPU.Build.0 = Release|Any CPU
		{29191C2A-69CF-4DA4-81A0-3F764AA1EA0C}.Release|x64.ActiveCfg = Release|Any CPU
		{29191C2A-69CF-4DA4-81A0-3F764AA1EA0C}.Release|x64.Build.0 = Release|Any CPU
		{29191C2A-69CF-4DA4-81A0-3F764AA1EA0C}.Release|x86.ActiveCfg = Release|Any CPU
		{29191C2A-69CF-4DA4-81A0-3F764AA1EA0C}.Release|x86.Build.0 = Release|Any CPU
		{5B9EFEA7-62AD-491E-A3A4-72790D8D626F}.Debug|Any CPU.ActiveCfg = Debug|Any CPU
		{5B9EFEA7-62AD-491E-A3A4-72790D8D626F}.Debug|Any CPU.Build.0 = Debug|Any CPU
		{5B9EFEA7-62AD-491E-A3A4-72790D8D626F}.Debug|x64.ActiveCfg = Debug|Any CPU
		{5B9EFEA7-62AD-491E-A3A4-72790D8D626F}.Debug|x64.Build.0 = Debug|Any CPU
		{5B9EFEA7-62AD-491E-A3A4-72790D8D626F}.Debug|x86.ActiveCfg = Debug|Any CPU
		{5B9EFEA7-62AD-491E-A3A4-72790D8D626F}.Debug|x86.Build.0 = Debug|Any CPU
		{5B9EFEA7-62AD-491E-A3A4-72790D8D626F}.Release|Any CPU.ActiveCfg = Release|Any CPU
		{5B9EFEA7-62AD-491E-A3A4-72790D8D626F}.Release|Any CPU.Build.0 = Release|Any CPU
		{5B9EFEA7-62AD-491E-A3A4-72790D8D626F}.Release|x64.ActiveCfg = Release|Any CPU
		{5B9EFEA7-62AD-491E-A3A4-72790D8D626F}.Release|x64.Build.0 = Release|Any CPU
		{5B9EFEA7-62AD-491E-A3A4-72790D8D626F}.Release|x86.ActiveCfg = Release|Any CPU
		{5B9EFEA7-62AD-491E-A3A4-72790D8D626F}.Release|x86.Build.0 = Release|Any CPU
		{1216D935-4A6E-46F4-83AB-B196A6ACC4ED}.Debug|Any CPU.ActiveCfg = Debug|Any CPU
		{1216D935-4A6E-46F4-83AB-B196A6ACC4ED}.Debug|Any CPU.Build.0 = Debug|Any CPU
		{1216D935-4A6E-46F4-83AB-B196A6ACC4ED}.Debug|x64.ActiveCfg = Debug|Any CPU
		{1216D935-4A6E-46F4-83AB-B196A6ACC4ED}.Debug|x64.Build.0 = Debug|Any CPU
		{1216D935-4A6E-46F4-83AB-B196A6ACC4ED}.Debug|x86.ActiveCfg = Debug|Any CPU
		{1216D935-4A6E-46F4-83AB-B196A6ACC4ED}.Debug|x86.Build.0 = Debug|Any CPU
		{1216D935-4A6E-46F4-83AB-B196A6ACC4ED}.Release|Any CPU.ActiveCfg = Release|Any CPU
		{1216D935-4A6E-46F4-83AB-B196A6ACC4ED}.Release|Any CPU.Build.0 = Release|Any CPU
		{1216D935-4A6E-46F4-83AB-B196A6ACC4ED}.Release|x64.ActiveCfg = Release|Any CPU
		{1216D935-4A6E-46F4-83AB-B196A6ACC4ED}.Release|x64.Build.0 = Release|Any CPU
		{1216D935-4A6E-46F4-83AB-B196A6ACC4ED}.Release|x86.ActiveCfg = Release|Any CPU
		{1216D935-4A6E-46F4-83AB-B196A6ACC4ED}.Release|x86.Build.0 = Release|Any CPU
		{1E844917-378B-4E3C-B4AE-D384C454BA32}.Debug|Any CPU.ActiveCfg = Debug|Any CPU
		{1E844917-378B-4E3C-B4AE-D384C454BA32}.Debug|Any CPU.Build.0 = Debug|Any CPU
		{1E844917-378B-4E3C-B4AE-D384C454BA32}.Debug|x64.ActiveCfg = Debug|Any CPU
		{1E844917-378B-4E3C-B4AE-D384C454BA32}.Debug|x64.Build.0 = Debug|Any CPU
		{1E844917-378B-4E3C-B4AE-D384C454BA32}.Debug|x86.ActiveCfg = Debug|Any CPU
		{1E844917-378B-4E3C-B4AE-D384C454BA32}.Debug|x86.Build.0 = Debug|Any CPU
		{1E844917-378B-4E3C-B4AE-D384C454BA32}.Release|Any CPU.ActiveCfg = Release|Any CPU
		{1E844917-378B-4E3C-B4AE-D384C454BA32}.Release|Any CPU.Build.0 = Release|Any CPU
		{1E844917-378B-4E3C-B4AE-D384C454BA32}.Release|x64.ActiveCfg = Release|Any CPU
		{1E844917-378B-4E3C-B4AE-D384C454BA32}.Release|x64.Build.0 = Release|Any CPU
		{1E844917-378B-4E3C-B4AE-D384C454BA32}.Release|x86.ActiveCfg = Release|Any CPU
		{1E844917-378B-4E3C-B4AE-D384C454BA32}.Release|x86.Build.0 = Release|Any CPU
		{C3AA99CE-62F0-459E-BBE6-D9ED3E70A7CD}.Debug|Any CPU.ActiveCfg = Debug|Any CPU
		{C3AA99CE-62F0-459E-BBE6-D9ED3E70A7CD}.Debug|Any CPU.Build.0 = Debug|Any CPU
		{C3AA99CE-62F0-459E-BBE6-D9ED3E70A7CD}.Debug|x64.ActiveCfg = Debug|Any CPU
		{C3AA99CE-62F0-459E-BBE6-D9ED3E70A7CD}.Debug|x64.Build.0 = Debug|Any CPU
		{C3AA99CE-62F0-459E-BBE6-D9ED3E70A7CD}.Debug|x86.ActiveCfg = Debug|Any CPU
		{C3AA99CE-62F0-459E-BBE6-D9ED3E70A7CD}.Debug|x86.Build.0 = Debug|Any CPU
		{C3AA99CE-62F0-459E-BBE6-D9ED3E70A7CD}.Release|Any CPU.ActiveCfg = Release|Any CPU
		{C3AA99CE-62F0-459E-BBE6-D9ED3E70A7CD}.Release|Any CPU.Build.0 = Release|Any CPU
		{C3AA99CE-62F0-459E-BBE6-D9ED3E70A7CD}.Release|x64.ActiveCfg = Release|Any CPU
		{C3AA99CE-62F0-459E-BBE6-D9ED3E70A7CD}.Release|x64.Build.0 = Release|Any CPU
		{C3AA99CE-62F0-459E-BBE6-D9ED3E70A7CD}.Release|x86.ActiveCfg = Release|Any CPU
		{C3AA99CE-62F0-459E-BBE6-D9ED3E70A7CD}.Release|x86.Build.0 = Release|Any CPU
		{0AFC5399-913D-4D49-A4F7-C334C01B9A4B}.Debug|Any CPU.ActiveCfg = Debug|Any CPU
		{0AFC5399-913D-4D49-A4F7-C334C01B9A4B}.Debug|Any CPU.Build.0 = Debug|Any CPU
		{0AFC5399-913D-4D49-A4F7-C334C01B9A4B}.Debug|x64.ActiveCfg = Debug|Any CPU
		{0AFC5399-913D-4D49-A4F7-C334C01B9A4B}.Debug|x64.Build.0 = Debug|Any CPU
		{0AFC5399-913D-4D49-A4F7-C334C01B9A4B}.Debug|x86.ActiveCfg = Debug|Any CPU
		{0AFC5399-913D-4D49-A4F7-C334C01B9A4B}.Debug|x86.Build.0 = Debug|Any CPU
		{0AFC5399-913D-4D49-A4F7-C334C01B9A4B}.Release|Any CPU.ActiveCfg = Release|Any CPU
		{0AFC5399-913D-4D49-A4F7-C334C01B9A4B}.Release|Any CPU.Build.0 = Release|Any CPU
		{0AFC5399-913D-4D49-A4F7-C334C01B9A4B}.Release|x64.ActiveCfg = Release|Any CPU
		{0AFC5399-913D-4D49-A4F7-C334C01B9A4B}.Release|x64.Build.0 = Release|Any CPU
		{0AFC5399-913D-4D49-A4F7-C334C01B9A4B}.Release|x86.ActiveCfg = Release|Any CPU
		{0AFC5399-913D-4D49-A4F7-C334C01B9A4B}.Release|x86.Build.0 = Release|Any CPU
		{26B94A4F-F0FE-4901-A790-2F64B83B8302}.Debug|Any CPU.ActiveCfg = Debug|Any CPU
		{26B94A4F-F0FE-4901-A790-2F64B83B8302}.Debug|Any CPU.Build.0 = Debug|Any CPU
		{26B94A4F-F0FE-4901-A790-2F64B83B8302}.Debug|x64.ActiveCfg = Debug|Any CPU
		{26B94A4F-F0FE-4901-A790-2F64B83B8302}.Debug|x64.Build.0 = Debug|Any CPU
		{26B94A4F-F0FE-4901-A790-2F64B83B8302}.Debug|x86.ActiveCfg = Debug|Any CPU
		{26B94A4F-F0FE-4901-A790-2F64B83B8302}.Debug|x86.Build.0 = Debug|Any CPU
		{26B94A4F-F0FE-4901-A790-2F64B83B8302}.Release|Any CPU.ActiveCfg = Release|Any CPU
		{26B94A4F-F0FE-4901-A790-2F64B83B8302}.Release|Any CPU.Build.0 = Release|Any CPU
		{26B94A4F-F0FE-4901-A790-2F64B83B8302}.Release|x64.ActiveCfg = Release|Any CPU
		{26B94A4F-F0FE-4901-A790-2F64B83B8302}.Release|x64.Build.0 = Release|Any CPU
		{26B94A4F-F0FE-4901-A790-2F64B83B8302}.Release|x86.ActiveCfg = Release|Any CPU
		{26B94A4F-F0FE-4901-A790-2F64B83B8302}.Release|x86.Build.0 = Release|Any CPU
		{7292373E-8CC9-444A-88B5-8342DC99B034}.Debug|Any CPU.ActiveCfg = Debug|Any CPU
		{7292373E-8CC9-444A-88B5-8342DC99B034}.Debug|Any CPU.Build.0 = Debug|Any CPU
		{7292373E-8CC9-444A-88B5-8342DC99B034}.Debug|x64.ActiveCfg = Debug|Any CPU
		{7292373E-8CC9-444A-88B5-8342DC99B034}.Debug|x64.Build.0 = Debug|Any CPU
		{7292373E-8CC9-444A-88B5-8342DC99B034}.Debug|x86.ActiveCfg = Debug|Any CPU
		{7292373E-8CC9-444A-88B5-8342DC99B034}.Debug|x86.Build.0 = Debug|Any CPU
		{7292373E-8CC9-444A-88B5-8342DC99B034}.Release|Any CPU.ActiveCfg = Release|Any CPU
		{7292373E-8CC9-444A-88B5-8342DC99B034}.Release|Any CPU.Build.0 = Release|Any CPU
		{7292373E-8CC9-444A-88B5-8342DC99B034}.Release|x64.ActiveCfg = Release|Any CPU
		{7292373E-8CC9-444A-88B5-8342DC99B034}.Release|x64.Build.0 = Release|Any CPU
		{7292373E-8CC9-444A-88B5-8342DC99B034}.Release|x86.ActiveCfg = Release|Any CPU
		{7292373E-8CC9-444A-88B5-8342DC99B034}.Release|x86.Build.0 = Release|Any CPU
		{714BEABA-947A-4BAF-98B1-8CC1550517F9}.Debug|Any CPU.ActiveCfg = Debug|Any CPU
		{714BEABA-947A-4BAF-98B1-8CC1550517F9}.Debug|Any CPU.Build.0 = Debug|Any CPU
		{714BEABA-947A-4BAF-98B1-8CC1550517F9}.Debug|x64.ActiveCfg = Debug|Any CPU
		{714BEABA-947A-4BAF-98B1-8CC1550517F9}.Debug|x64.Build.0 = Debug|Any CPU
		{714BEABA-947A-4BAF-98B1-8CC1550517F9}.Debug|x86.ActiveCfg = Debug|Any CPU
		{714BEABA-947A-4BAF-98B1-8CC1550517F9}.Debug|x86.Build.0 = Debug|Any CPU
		{714BEABA-947A-4BAF-98B1-8CC1550517F9}.Release|Any CPU.ActiveCfg = Release|Any CPU
		{714BEABA-947A-4BAF-98B1-8CC1550517F9}.Release|Any CPU.Build.0 = Release|Any CPU
		{714BEABA-947A-4BAF-98B1-8CC1550517F9}.Release|x64.ActiveCfg = Release|Any CPU
		{714BEABA-947A-4BAF-98B1-8CC1550517F9}.Release|x64.Build.0 = Release|Any CPU
		{714BEABA-947A-4BAF-98B1-8CC1550517F9}.Release|x86.ActiveCfg = Release|Any CPU
		{714BEABA-947A-4BAF-98B1-8CC1550517F9}.Release|x86.Build.0 = Release|Any CPU
		{1DB02E72-EB5C-4626-955D-BB3B995EB2F1}.Debug|Any CPU.ActiveCfg = Debug|Any CPU
		{1DB02E72-EB5C-4626-955D-BB3B995EB2F1}.Debug|Any CPU.Build.0 = Debug|Any CPU
		{1DB02E72-EB5C-4626-955D-BB3B995EB2F1}.Debug|x64.ActiveCfg = Debug|Any CPU
		{1DB02E72-EB5C-4626-955D-BB3B995EB2F1}.Debug|x64.Build.0 = Debug|Any CPU
		{1DB02E72-EB5C-4626-955D-BB3B995EB2F1}.Debug|x86.ActiveCfg = Debug|Any CPU
		{1DB02E72-EB5C-4626-955D-BB3B995EB2F1}.Debug|x86.Build.0 = Debug|Any CPU
		{1DB02E72-EB5C-4626-955D-BB3B995EB2F1}.Release|Any CPU.ActiveCfg = Release|Any CPU
		{1DB02E72-EB5C-4626-955D-BB3B995EB2F1}.Release|Any CPU.Build.0 = Release|Any CPU
		{1DB02E72-EB5C-4626-955D-BB3B995EB2F1}.Release|x64.ActiveCfg = Release|Any CPU
		{1DB02E72-EB5C-4626-955D-BB3B995EB2F1}.Release|x64.Build.0 = Release|Any CPU
		{1DB02E72-EB5C-4626-955D-BB3B995EB2F1}.Release|x86.ActiveCfg = Release|Any CPU
		{1DB02E72-EB5C-4626-955D-BB3B995EB2F1}.Release|x86.Build.0 = Release|Any CPU
		{BEF6A97C-9F36-4BA8-8890-9DF42EC30A26}.Debug|Any CPU.ActiveCfg = Debug|Any CPU
		{BEF6A97C-9F36-4BA8-8890-9DF42EC30A26}.Debug|Any CPU.Build.0 = Debug|Any CPU
		{BEF6A97C-9F36-4BA8-8890-9DF42EC30A26}.Debug|x64.ActiveCfg = Debug|Any CPU
		{BEF6A97C-9F36-4BA8-8890-9DF42EC30A26}.Debug|x64.Build.0 = Debug|Any CPU
		{BEF6A97C-9F36-4BA8-8890-9DF42EC30A26}.Debug|x86.ActiveCfg = Debug|Any CPU
		{BEF6A97C-9F36-4BA8-8890-9DF42EC30A26}.Debug|x86.Build.0 = Debug|Any CPU
		{BEF6A97C-9F36-4BA8-8890-9DF42EC30A26}.Release|Any CPU.ActiveCfg = Release|Any CPU
		{BEF6A97C-9F36-4BA8-8890-9DF42EC30A26}.Release|Any CPU.Build.0 = Release|Any CPU
		{BEF6A97C-9F36-4BA8-8890-9DF42EC30A26}.Release|x64.ActiveCfg = Release|Any CPU
		{BEF6A97C-9F36-4BA8-8890-9DF42EC30A26}.Release|x64.Build.0 = Release|Any CPU
		{BEF6A97C-9F36-4BA8-8890-9DF42EC30A26}.Release|x86.ActiveCfg = Release|Any CPU
		{BEF6A97C-9F36-4BA8-8890-9DF42EC30A26}.Release|x86.Build.0 = Release|Any CPU
		{93A5B559-3CEE-4F7E-8233-1F01712647F9}.Debug|Any CPU.ActiveCfg = Debug|Any CPU
		{93A5B559-3CEE-4F7E-8233-1F01712647F9}.Debug|Any CPU.Build.0 = Debug|Any CPU
		{93A5B559-3CEE-4F7E-8233-1F01712647F9}.Debug|x64.ActiveCfg = Debug|Any CPU
		{93A5B559-3CEE-4F7E-8233-1F01712647F9}.Debug|x64.Build.0 = Debug|Any CPU
		{93A5B559-3CEE-4F7E-8233-1F01712647F9}.Debug|x86.ActiveCfg = Debug|Any CPU
		{93A5B559-3CEE-4F7E-8233-1F01712647F9}.Debug|x86.Build.0 = Debug|Any CPU
		{93A5B559-3CEE-4F7E-8233-1F01712647F9}.Release|Any CPU.ActiveCfg = Release|Any CPU
		{93A5B559-3CEE-4F7E-8233-1F01712647F9}.Release|Any CPU.Build.0 = Release|Any CPU
		{93A5B559-3CEE-4F7E-8233-1F01712647F9}.Release|x64.ActiveCfg = Release|Any CPU
		{93A5B559-3CEE-4F7E-8233-1F01712647F9}.Release|x64.Build.0 = Release|Any CPU
		{93A5B559-3CEE-4F7E-8233-1F01712647F9}.Release|x86.ActiveCfg = Release|Any CPU
		{93A5B559-3CEE-4F7E-8233-1F01712647F9}.Release|x86.Build.0 = Release|Any CPU
		{C5E28DC6-F516-4C07-A8B6-577D2E123058}.Debug|Any CPU.ActiveCfg = Debug|Any CPU
		{C5E28DC6-F516-4C07-A8B6-577D2E123058}.Debug|Any CPU.Build.0 = Debug|Any CPU
		{C5E28DC6-F516-4C07-A8B6-577D2E123058}.Debug|x64.ActiveCfg = Debug|Any CPU
		{C5E28DC6-F516-4C07-A8B6-577D2E123058}.Debug|x64.Build.0 = Debug|Any CPU
		{C5E28DC6-F516-4C07-A8B6-577D2E123058}.Debug|x86.ActiveCfg = Debug|Any CPU
		{C5E28DC6-F516-4C07-A8B6-577D2E123058}.Debug|x86.Build.0 = Debug|Any CPU
		{C5E28DC6-F516-4C07-A8B6-577D2E123058}.Release|Any CPU.ActiveCfg = Release|Any CPU
		{C5E28DC6-F516-4C07-A8B6-577D2E123058}.Release|Any CPU.Build.0 = Release|Any CPU
		{C5E28DC6-F516-4C07-A8B6-577D2E123058}.Release|x64.ActiveCfg = Release|Any CPU
		{C5E28DC6-F516-4C07-A8B6-577D2E123058}.Release|x64.Build.0 = Release|Any CPU
		{C5E28DC6-F516-4C07-A8B6-577D2E123058}.Release|x86.ActiveCfg = Release|Any CPU
		{C5E28DC6-F516-4C07-A8B6-577D2E123058}.Release|x86.Build.0 = Release|Any CPU
		{3E157B95-C706-4AC7-B53B-149B98F21719}.Debug|Any CPU.ActiveCfg = Debug|Any CPU
		{3E157B95-C706-4AC7-B53B-149B98F21719}.Debug|Any CPU.Build.0 = Debug|Any CPU
		{3E157B95-C706-4AC7-B53B-149B98F21719}.Debug|x64.ActiveCfg = Debug|Any CPU
		{3E157B95-C706-4AC7-B53B-149B98F21719}.Debug|x64.Build.0 = Debug|Any CPU
		{3E157B95-C706-4AC7-B53B-149B98F21719}.Debug|x86.ActiveCfg = Debug|Any CPU
		{3E157B95-C706-4AC7-B53B-149B98F21719}.Debug|x86.Build.0 = Debug|Any CPU
		{3E157B95-C706-4AC7-B53B-149B98F21719}.Release|Any CPU.ActiveCfg = Release|Any CPU
		{3E157B95-C706-4AC7-B53B-149B98F21719}.Release|Any CPU.Build.0 = Release|Any CPU
		{3E157B95-C706-4AC7-B53B-149B98F21719}.Release|x64.ActiveCfg = Release|Any CPU
		{3E157B95-C706-4AC7-B53B-149B98F21719}.Release|x64.Build.0 = Release|Any CPU
		{3E157B95-C706-4AC7-B53B-149B98F21719}.Release|x86.ActiveCfg = Release|Any CPU
		{3E157B95-C706-4AC7-B53B-149B98F21719}.Release|x86.Build.0 = Release|Any CPU
		{CC41384A-BD38-4D60-B74C-736A5CFF5123}.Debug|Any CPU.ActiveCfg = Debug|Any CPU
		{CC41384A-BD38-4D60-B74C-736A5CFF5123}.Debug|Any CPU.Build.0 = Debug|Any CPU
		{CC41384A-BD38-4D60-B74C-736A5CFF5123}.Debug|x64.ActiveCfg = Debug|Any CPU
		{CC41384A-BD38-4D60-B74C-736A5CFF5123}.Debug|x64.Build.0 = Debug|Any CPU
		{CC41384A-BD38-4D60-B74C-736A5CFF5123}.Debug|x86.ActiveCfg = Debug|Any CPU
		{CC41384A-BD38-4D60-B74C-736A5CFF5123}.Debug|x86.Build.0 = Debug|Any CPU
		{CC41384A-BD38-4D60-B74C-736A5CFF5123}.Release|Any CPU.ActiveCfg = Release|Any CPU
		{CC41384A-BD38-4D60-B74C-736A5CFF5123}.Release|Any CPU.Build.0 = Release|Any CPU
		{CC41384A-BD38-4D60-B74C-736A5CFF5123}.Release|x64.ActiveCfg = Release|Any CPU
		{CC41384A-BD38-4D60-B74C-736A5CFF5123}.Release|x64.Build.0 = Release|Any CPU
		{CC41384A-BD38-4D60-B74C-736A5CFF5123}.Release|x86.ActiveCfg = Release|Any CPU
		{CC41384A-BD38-4D60-B74C-736A5CFF5123}.Release|x86.Build.0 = Release|Any CPU
		{E94ED9A0-8FC4-4043-B4AF-0F9F2C4511B3}.Debug|Any CPU.ActiveCfg = Debug|Any CPU
		{E94ED9A0-8FC4-4043-B4AF-0F9F2C4511B3}.Debug|Any CPU.Build.0 = Debug|Any CPU
		{E94ED9A0-8FC4-4043-B4AF-0F9F2C4511B3}.Debug|x64.ActiveCfg = Debug|Any CPU
		{E94ED9A0-8FC4-4043-B4AF-0F9F2C4511B3}.Debug|x64.Build.0 = Debug|Any CPU
		{E94ED9A0-8FC4-4043-B4AF-0F9F2C4511B3}.Debug|x86.ActiveCfg = Debug|Any CPU
		{E94ED9A0-8FC4-4043-B4AF-0F9F2C4511B3}.Debug|x86.Build.0 = Debug|Any CPU
		{E94ED9A0-8FC4-4043-B4AF-0F9F2C4511B3}.Release|Any CPU.ActiveCfg = Release|Any CPU
		{E94ED9A0-8FC4-4043-B4AF-0F9F2C4511B3}.Release|Any CPU.Build.0 = Release|Any CPU
		{E94ED9A0-8FC4-4043-B4AF-0F9F2C4511B3}.Release|x64.ActiveCfg = Release|Any CPU
		{E94ED9A0-8FC4-4043-B4AF-0F9F2C4511B3}.Release|x64.Build.0 = Release|Any CPU
		{E94ED9A0-8FC4-4043-B4AF-0F9F2C4511B3}.Release|x86.ActiveCfg = Release|Any CPU
		{E94ED9A0-8FC4-4043-B4AF-0F9F2C4511B3}.Release|x86.Build.0 = Release|Any CPU
		{C371EC80-0271-4E09-9E15-50F39CE501AE}.Debug|Any CPU.ActiveCfg = Debug|Any CPU
		{C371EC80-0271-4E09-9E15-50F39CE501AE}.Debug|Any CPU.Build.0 = Debug|Any CPU
		{C371EC80-0271-4E09-9E15-50F39CE501AE}.Debug|x64.ActiveCfg = Debug|Any CPU
		{C371EC80-0271-4E09-9E15-50F39CE501AE}.Debug|x64.Build.0 = Debug|Any CPU
		{C371EC80-0271-4E09-9E15-50F39CE501AE}.Debug|x86.ActiveCfg = Debug|Any CPU
		{C371EC80-0271-4E09-9E15-50F39CE501AE}.Debug|x86.Build.0 = Debug|Any CPU
		{C371EC80-0271-4E09-9E15-50F39CE501AE}.Release|Any CPU.ActiveCfg = Release|Any CPU
		{C371EC80-0271-4E09-9E15-50F39CE501AE}.Release|Any CPU.Build.0 = Release|Any CPU
		{C371EC80-0271-4E09-9E15-50F39CE501AE}.Release|x64.ActiveCfg = Release|Any CPU
		{C371EC80-0271-4E09-9E15-50F39CE501AE}.Release|x64.Build.0 = Release|Any CPU
		{C371EC80-0271-4E09-9E15-50F39CE501AE}.Release|x86.ActiveCfg = Release|Any CPU
		{C371EC80-0271-4E09-9E15-50F39CE501AE}.Release|x86.Build.0 = Release|Any CPU
		{C3FBFB50-98E3-4059-9BD4-AB1F8158A2C7}.Debug|Any CPU.ActiveCfg = Debug|Any CPU
		{C3FBFB50-98E3-4059-9BD4-AB1F8158A2C7}.Debug|Any CPU.Build.0 = Debug|Any CPU
		{C3FBFB50-98E3-4059-9BD4-AB1F8158A2C7}.Debug|x64.ActiveCfg = Debug|Any CPU
		{C3FBFB50-98E3-4059-9BD4-AB1F8158A2C7}.Debug|x64.Build.0 = Debug|Any CPU
		{C3FBFB50-98E3-4059-9BD4-AB1F8158A2C7}.Debug|x86.ActiveCfg = Debug|Any CPU
		{C3FBFB50-98E3-4059-9BD4-AB1F8158A2C7}.Debug|x86.Build.0 = Debug|Any CPU
		{C3FBFB50-98E3-4059-9BD4-AB1F8158A2C7}.Release|Any CPU.ActiveCfg = Release|Any CPU
		{C3FBFB50-98E3-4059-9BD4-AB1F8158A2C7}.Release|Any CPU.Build.0 = Release|Any CPU
		{C3FBFB50-98E3-4059-9BD4-AB1F8158A2C7}.Release|x64.ActiveCfg = Release|Any CPU
		{C3FBFB50-98E3-4059-9BD4-AB1F8158A2C7}.Release|x64.Build.0 = Release|Any CPU
		{C3FBFB50-98E3-4059-9BD4-AB1F8158A2C7}.Release|x86.ActiveCfg = Release|Any CPU
		{C3FBFB50-98E3-4059-9BD4-AB1F8158A2C7}.Release|x86.Build.0 = Release|Any CPU
		{0D8CF3F9-5836-4653-91AF-F073E709E932}.Debug|Any CPU.ActiveCfg = Debug|Any CPU
		{0D8CF3F9-5836-4653-91AF-F073E709E932}.Debug|Any CPU.Build.0 = Debug|Any CPU
		{0D8CF3F9-5836-4653-91AF-F073E709E932}.Debug|x64.ActiveCfg = Debug|Any CPU
		{0D8CF3F9-5836-4653-91AF-F073E709E932}.Debug|x64.Build.0 = Debug|Any CPU
		{0D8CF3F9-5836-4653-91AF-F073E709E932}.Debug|x86.ActiveCfg = Debug|Any CPU
		{0D8CF3F9-5836-4653-91AF-F073E709E932}.Debug|x86.Build.0 = Debug|Any CPU
		{0D8CF3F9-5836-4653-91AF-F073E709E932}.Release|Any CPU.ActiveCfg = Release|Any CPU
		{0D8CF3F9-5836-4653-91AF-F073E709E932}.Release|Any CPU.Build.0 = Release|Any CPU
		{0D8CF3F9-5836-4653-91AF-F073E709E932}.Release|x64.ActiveCfg = Release|Any CPU
		{0D8CF3F9-5836-4653-91AF-F073E709E932}.Release|x64.Build.0 = Release|Any CPU
		{0D8CF3F9-5836-4653-91AF-F073E709E932}.Release|x86.ActiveCfg = Release|Any CPU
		{0D8CF3F9-5836-4653-91AF-F073E709E932}.Release|x86.Build.0 = Release|Any CPU
		{D063CC15-FB08-4307-A1F1-EA17A217BD99}.Debug|Any CPU.ActiveCfg = Debug|Any CPU
		{D063CC15-FB08-4307-A1F1-EA17A217BD99}.Debug|Any CPU.Build.0 = Debug|Any CPU
		{D063CC15-FB08-4307-A1F1-EA17A217BD99}.Debug|x64.ActiveCfg = Debug|Any CPU
		{D063CC15-FB08-4307-A1F1-EA17A217BD99}.Debug|x64.Build.0 = Debug|Any CPU
		{D063CC15-FB08-4307-A1F1-EA17A217BD99}.Debug|x86.ActiveCfg = Debug|Any CPU
		{D063CC15-FB08-4307-A1F1-EA17A217BD99}.Debug|x86.Build.0 = Debug|Any CPU
		{D063CC15-FB08-4307-A1F1-EA17A217BD99}.Release|Any CPU.ActiveCfg = Release|Any CPU
		{D063CC15-FB08-4307-A1F1-EA17A217BD99}.Release|Any CPU.Build.0 = Release|Any CPU
		{D063CC15-FB08-4307-A1F1-EA17A217BD99}.Release|x64.ActiveCfg = Release|Any CPU
		{D063CC15-FB08-4307-A1F1-EA17A217BD99}.Release|x64.Build.0 = Release|Any CPU
		{D063CC15-FB08-4307-A1F1-EA17A217BD99}.Release|x86.ActiveCfg = Release|Any CPU
		{D063CC15-FB08-4307-A1F1-EA17A217BD99}.Release|x86.Build.0 = Release|Any CPU
		{9827A4B8-10A1-41ED-BE87-761F8E6B740A}.Debug|Any CPU.ActiveCfg = Debug|Any CPU
		{9827A4B8-10A1-41ED-BE87-761F8E6B740A}.Debug|Any CPU.Build.0 = Debug|Any CPU
		{9827A4B8-10A1-41ED-BE87-761F8E6B740A}.Debug|x64.ActiveCfg = Debug|Any CPU
		{9827A4B8-10A1-41ED-BE87-761F8E6B740A}.Debug|x64.Build.0 = Debug|Any CPU
		{9827A4B8-10A1-41ED-BE87-761F8E6B740A}.Debug|x86.ActiveCfg = Debug|Any CPU
		{9827A4B8-10A1-41ED-BE87-761F8E6B740A}.Debug|x86.Build.0 = Debug|Any CPU
		{9827A4B8-10A1-41ED-BE87-761F8E6B740A}.Release|Any CPU.ActiveCfg = Release|Any CPU
		{9827A4B8-10A1-41ED-BE87-761F8E6B740A}.Release|Any CPU.Build.0 = Release|Any CPU
		{9827A4B8-10A1-41ED-BE87-761F8E6B740A}.Release|x64.ActiveCfg = Release|Any CPU
		{9827A4B8-10A1-41ED-BE87-761F8E6B740A}.Release|x64.Build.0 = Release|Any CPU
		{9827A4B8-10A1-41ED-BE87-761F8E6B740A}.Release|x86.ActiveCfg = Release|Any CPU
		{9827A4B8-10A1-41ED-BE87-761F8E6B740A}.Release|x86.Build.0 = Release|Any CPU
		{E3E1994F-D610-487A-88FC-6CEA4B029630}.Debug|Any CPU.ActiveCfg = Debug|Any CPU
		{E3E1994F-D610-487A-88FC-6CEA4B029630}.Debug|Any CPU.Build.0 = Debug|Any CPU
		{E3E1994F-D610-487A-88FC-6CEA4B029630}.Debug|x64.ActiveCfg = Debug|Any CPU
		{E3E1994F-D610-487A-88FC-6CEA4B029630}.Debug|x64.Build.0 = Debug|Any CPU
		{E3E1994F-D610-487A-88FC-6CEA4B029630}.Debug|x86.ActiveCfg = Debug|Any CPU
		{E3E1994F-D610-487A-88FC-6CEA4B029630}.Debug|x86.Build.0 = Debug|Any CPU
		{E3E1994F-D610-487A-88FC-6CEA4B029630}.Release|Any CPU.ActiveCfg = Release|Any CPU
		{E3E1994F-D610-487A-88FC-6CEA4B029630}.Release|Any CPU.Build.0 = Release|Any CPU
		{E3E1994F-D610-487A-88FC-6CEA4B029630}.Release|x64.ActiveCfg = Release|Any CPU
		{E3E1994F-D610-487A-88FC-6CEA4B029630}.Release|x64.Build.0 = Release|Any CPU
		{E3E1994F-D610-487A-88FC-6CEA4B029630}.Release|x86.ActiveCfg = Release|Any CPU
		{E3E1994F-D610-487A-88FC-6CEA4B029630}.Release|x86.Build.0 = Release|Any CPU
		{1C470A7D-2B57-4A9F-AA7D-F8824C2D1607}.Debug|Any CPU.ActiveCfg = Debug|Any CPU
		{1C470A7D-2B57-4A9F-AA7D-F8824C2D1607}.Debug|Any CPU.Build.0 = Debug|Any CPU
		{1C470A7D-2B57-4A9F-AA7D-F8824C2D1607}.Debug|x64.ActiveCfg = Debug|Any CPU
		{1C470A7D-2B57-4A9F-AA7D-F8824C2D1607}.Debug|x64.Build.0 = Debug|Any CPU
		{1C470A7D-2B57-4A9F-AA7D-F8824C2D1607}.Debug|x86.ActiveCfg = Debug|Any CPU
		{1C470A7D-2B57-4A9F-AA7D-F8824C2D1607}.Debug|x86.Build.0 = Debug|Any CPU
		{1C470A7D-2B57-4A9F-AA7D-F8824C2D1607}.Release|Any CPU.ActiveCfg = Release|Any CPU
		{1C470A7D-2B57-4A9F-AA7D-F8824C2D1607}.Release|Any CPU.Build.0 = Release|Any CPU
		{1C470A7D-2B57-4A9F-AA7D-F8824C2D1607}.Release|x64.ActiveCfg = Release|Any CPU
		{1C470A7D-2B57-4A9F-AA7D-F8824C2D1607}.Release|x64.Build.0 = Release|Any CPU
		{1C470A7D-2B57-4A9F-AA7D-F8824C2D1607}.Release|x86.ActiveCfg = Release|Any CPU
		{1C470A7D-2B57-4A9F-AA7D-F8824C2D1607}.Release|x86.Build.0 = Release|Any CPU
		{FCE5C176-82B7-4A0F-98F5-B23191711815}.Debug|Any CPU.ActiveCfg = Debug|Any CPU
		{FCE5C176-82B7-4A0F-98F5-B23191711815}.Debug|Any CPU.Build.0 = Debug|Any CPU
		{FCE5C176-82B7-4A0F-98F5-B23191711815}.Debug|x64.ActiveCfg = Debug|Any CPU
		{FCE5C176-82B7-4A0F-98F5-B23191711815}.Debug|x64.Build.0 = Debug|Any CPU
		{FCE5C176-82B7-4A0F-98F5-B23191711815}.Debug|x86.ActiveCfg = Debug|Any CPU
		{FCE5C176-82B7-4A0F-98F5-B23191711815}.Debug|x86.Build.0 = Debug|Any CPU
		{FCE5C176-82B7-4A0F-98F5-B23191711815}.Release|Any CPU.ActiveCfg = Release|Any CPU
		{FCE5C176-82B7-4A0F-98F5-B23191711815}.Release|Any CPU.Build.0 = Release|Any CPU
		{FCE5C176-82B7-4A0F-98F5-B23191711815}.Release|x64.ActiveCfg = Release|Any CPU
		{FCE5C176-82B7-4A0F-98F5-B23191711815}.Release|x64.Build.0 = Release|Any CPU
		{FCE5C176-82B7-4A0F-98F5-B23191711815}.Release|x86.ActiveCfg = Release|Any CPU
		{FCE5C176-82B7-4A0F-98F5-B23191711815}.Release|x86.Build.0 = Release|Any CPU
		{F42C871D-15D8-4AAA-A537-5D17970DF8A8}.Debug|Any CPU.ActiveCfg = Debug|Any CPU
		{F42C871D-15D8-4AAA-A537-5D17970DF8A8}.Debug|Any CPU.Build.0 = Debug|Any CPU
		{F42C871D-15D8-4AAA-A537-5D17970DF8A8}.Debug|x64.ActiveCfg = Debug|Any CPU
		{F42C871D-15D8-4AAA-A537-5D17970DF8A8}.Debug|x64.Build.0 = Debug|Any CPU
		{F42C871D-15D8-4AAA-A537-5D17970DF8A8}.Debug|x86.ActiveCfg = Debug|Any CPU
		{F42C871D-15D8-4AAA-A537-5D17970DF8A8}.Debug|x86.Build.0 = Debug|Any CPU
		{F42C871D-15D8-4AAA-A537-5D17970DF8A8}.Release|Any CPU.ActiveCfg = Release|Any CPU
		{F42C871D-15D8-4AAA-A537-5D17970DF8A8}.Release|Any CPU.Build.0 = Release|Any CPU
		{F42C871D-15D8-4AAA-A537-5D17970DF8A8}.Release|x64.ActiveCfg = Release|Any CPU
		{F42C871D-15D8-4AAA-A537-5D17970DF8A8}.Release|x64.Build.0 = Release|Any CPU
		{F42C871D-15D8-4AAA-A537-5D17970DF8A8}.Release|x86.ActiveCfg = Release|Any CPU
		{F42C871D-15D8-4AAA-A537-5D17970DF8A8}.Release|x86.Build.0 = Release|Any CPU
		{4FFEFE4F-62AC-49E4-8C29-EDFF79CC6532}.Debug|Any CPU.ActiveCfg = Debug|Any CPU
		{4FFEFE4F-62AC-49E4-8C29-EDFF79CC6532}.Debug|Any CPU.Build.0 = Debug|Any CPU
		{4FFEFE4F-62AC-49E4-8C29-EDFF79CC6532}.Debug|x64.ActiveCfg = Debug|Any CPU
		{4FFEFE4F-62AC-49E4-8C29-EDFF79CC6532}.Debug|x64.Build.0 = Debug|Any CPU
		{4FFEFE4F-62AC-49E4-8C29-EDFF79CC6532}.Debug|x86.ActiveCfg = Debug|Any CPU
		{4FFEFE4F-62AC-49E4-8C29-EDFF79CC6532}.Debug|x86.Build.0 = Debug|Any CPU
		{4FFEFE4F-62AC-49E4-8C29-EDFF79CC6532}.Release|Any CPU.ActiveCfg = Release|Any CPU
		{4FFEFE4F-62AC-49E4-8C29-EDFF79CC6532}.Release|Any CPU.Build.0 = Release|Any CPU
		{4FFEFE4F-62AC-49E4-8C29-EDFF79CC6532}.Release|x64.ActiveCfg = Release|Any CPU
		{4FFEFE4F-62AC-49E4-8C29-EDFF79CC6532}.Release|x64.Build.0 = Release|Any CPU
		{4FFEFE4F-62AC-49E4-8C29-EDFF79CC6532}.Release|x86.ActiveCfg = Release|Any CPU
		{4FFEFE4F-62AC-49E4-8C29-EDFF79CC6532}.Release|x86.Build.0 = Release|Any CPU
		{10867E05-1EFB-4287-B90C-224FE485A279}.Debug|Any CPU.ActiveCfg = Debug|Any CPU
		{10867E05-1EFB-4287-B90C-224FE485A279}.Debug|Any CPU.Build.0 = Debug|Any CPU
		{10867E05-1EFB-4287-B90C-224FE485A279}.Debug|x64.ActiveCfg = Debug|Any CPU
		{10867E05-1EFB-4287-B90C-224FE485A279}.Debug|x64.Build.0 = Debug|Any CPU
		{10867E05-1EFB-4287-B90C-224FE485A279}.Debug|x86.ActiveCfg = Debug|Any CPU
		{10867E05-1EFB-4287-B90C-224FE485A279}.Debug|x86.Build.0 = Debug|Any CPU
		{10867E05-1EFB-4287-B90C-224FE485A279}.Release|Any CPU.ActiveCfg = Release|Any CPU
		{10867E05-1EFB-4287-B90C-224FE485A279}.Release|Any CPU.Build.0 = Release|Any CPU
		{10867E05-1EFB-4287-B90C-224FE485A279}.Release|x64.ActiveCfg = Release|Any CPU
		{10867E05-1EFB-4287-B90C-224FE485A279}.Release|x64.Build.0 = Release|Any CPU
		{10867E05-1EFB-4287-B90C-224FE485A279}.Release|x86.ActiveCfg = Release|Any CPU
		{10867E05-1EFB-4287-B90C-224FE485A279}.Release|x86.Build.0 = Release|Any CPU
		{DBE35CBF-6E85-41FB-B2ED-357927F146C3}.Debug|Any CPU.ActiveCfg = Debug|Any CPU
		{DBE35CBF-6E85-41FB-B2ED-357927F146C3}.Debug|Any CPU.Build.0 = Debug|Any CPU
		{DBE35CBF-6E85-41FB-B2ED-357927F146C3}.Debug|x64.ActiveCfg = Debug|Any CPU
		{DBE35CBF-6E85-41FB-B2ED-357927F146C3}.Debug|x64.Build.0 = Debug|Any CPU
		{DBE35CBF-6E85-41FB-B2ED-357927F146C3}.Debug|x86.ActiveCfg = Debug|Any CPU
		{DBE35CBF-6E85-41FB-B2ED-357927F146C3}.Debug|x86.Build.0 = Debug|Any CPU
		{DBE35CBF-6E85-41FB-B2ED-357927F146C3}.Release|Any CPU.ActiveCfg = Release|Any CPU
		{DBE35CBF-6E85-41FB-B2ED-357927F146C3}.Release|Any CPU.Build.0 = Release|Any CPU
		{DBE35CBF-6E85-41FB-B2ED-357927F146C3}.Release|x64.ActiveCfg = Release|Any CPU
		{DBE35CBF-6E85-41FB-B2ED-357927F146C3}.Release|x64.Build.0 = Release|Any CPU
		{DBE35CBF-6E85-41FB-B2ED-357927F146C3}.Release|x86.ActiveCfg = Release|Any CPU
		{DBE35CBF-6E85-41FB-B2ED-357927F146C3}.Release|x86.Build.0 = Release|Any CPU
		{55ECF4D3-F9AA-487A-BAFC-D8133875F7F4}.Debug|Any CPU.ActiveCfg = Debug|Any CPU
		{55ECF4D3-F9AA-487A-BAFC-D8133875F7F4}.Debug|Any CPU.Build.0 = Debug|Any CPU
		{55ECF4D3-F9AA-487A-BAFC-D8133875F7F4}.Debug|x64.ActiveCfg = Debug|Any CPU
		{55ECF4D3-F9AA-487A-BAFC-D8133875F7F4}.Debug|x64.Build.0 = Debug|Any CPU
		{55ECF4D3-F9AA-487A-BAFC-D8133875F7F4}.Debug|x86.ActiveCfg = Debug|Any CPU
		{55ECF4D3-F9AA-487A-BAFC-D8133875F7F4}.Debug|x86.Build.0 = Debug|Any CPU
		{55ECF4D3-F9AA-487A-BAFC-D8133875F7F4}.Release|Any CPU.ActiveCfg = Release|Any CPU
		{55ECF4D3-F9AA-487A-BAFC-D8133875F7F4}.Release|Any CPU.Build.0 = Release|Any CPU
		{55ECF4D3-F9AA-487A-BAFC-D8133875F7F4}.Release|x64.ActiveCfg = Release|Any CPU
		{55ECF4D3-F9AA-487A-BAFC-D8133875F7F4}.Release|x64.Build.0 = Release|Any CPU
		{55ECF4D3-F9AA-487A-BAFC-D8133875F7F4}.Release|x86.ActiveCfg = Release|Any CPU
		{55ECF4D3-F9AA-487A-BAFC-D8133875F7F4}.Release|x86.Build.0 = Release|Any CPU
	EndGlobalSection
	GlobalSection(SolutionProperties) = preSolution
		HideSolutionNode = FALSE
	EndGlobalSection
	GlobalSection(NestedProjects) = preSolution
		{8D99AE9B-1CF9-4A26-950A-EBC9ED076060} = {25834A3B-01B0-47D5-B891-58DD52896532}
		{22AA3415-E273-40A3-9F3C-279FC21A4FF9} = {8D99AE9B-1CF9-4A26-950A-EBC9ED076060}
		{B6C7E1D2-20A8-4AF9-9C44-662BE47C14A3} = {8D99AE9B-1CF9-4A26-950A-EBC9ED076060}
		{3853B05A-6F45-4A7F-860B-FCA8C4AE9A90} = {8D99AE9B-1CF9-4A26-950A-EBC9ED076060}
		{CA535515-7831-4B38-9327-B1B64172871C} = {25834A3B-01B0-47D5-B891-58DD52896532}
		{FF1A6329-0D5F-4849-B66C-C947AEB74AFE} = {24582C8A-3FB9-4856-BA31-F72F4EE9CDE5}
		{8729447A-72E9-4FD6-A83F-E00658A109F3} = {24582C8A-3FB9-4856-BA31-F72F4EE9CDE5}
		{C6C39E87-38D9-4C21-8BA8-763E81BED945} = {F3E5F8A1-DEF5-4540-A4B0-73ABB7129801}
		{EF560B85-2ED8-43D1-B6C4-8B9A86EA5A99} = {CA535515-7831-4B38-9327-B1B64172871C}
		{4F6DDD4B-53A2-47AA-9291-EE018F3AD880} = {F3E5F8A1-DEF5-4540-A4B0-73ABB7129801}
		{FB7E20EB-B2E3-456E-8535-762BE108680B} = {F3E5F8A1-DEF5-4540-A4B0-73ABB7129801}
		{5A68D7FA-4FBD-478B-9E63-494974B88AC9} = {25834A3B-01B0-47D5-B891-58DD52896532}
		{85ADAB53-463D-4C7E-8CF0-5C3D7AD41640} = {F3E5F8A1-DEF5-4540-A4B0-73ABB7129801}
		{2812770F-E92A-4AD3-BED8-56A16F9B9847} = {25834A3B-01B0-47D5-B891-58DD52896532}
		{65532131-A98A-42F5-80D5-54990D377F0A} = {25834A3B-01B0-47D5-B891-58DD52896532}
		{04FE4900-FA9F-4CD6-83A5-C3954A8660B5} = {25834A3B-01B0-47D5-B891-58DD52896532}
		{7B05DF0B-C909-4E3E-966D-14E6E7AE396E} = {F3E5F8A1-DEF5-4540-A4B0-73ABB7129801}
		{D901E427-EE05-4D7D-B168-5AE8CE7E6A94} = {25834A3B-01B0-47D5-B891-58DD52896532}
		{384E7014-C75A-4719-9012-FAE04D0EFFC1} = {9B28D84F-7405-486A-882D-01B41903BE82}
		{715C7B86-62F8-453D-8D50-9833967BE29D} = {9B28D84F-7405-486A-882D-01B41903BE82}
		{7648E538-CC3D-4769-B041-F1847F37273E} = {9B28D84F-7405-486A-882D-01B41903BE82}
		{2F3AF803-714E-4C4B-8E7F-B657EAC1401D} = {9B28D84F-7405-486A-882D-01B41903BE82}
		{29EE950C-75DE-4BAA-8405-A0C994EBCBCE} = {9B28D84F-7405-486A-882D-01B41903BE82}
		{975D07F8-8D57-4FF0-B05A-E2EEBA4A0AB1} = {9B28D84F-7405-486A-882D-01B41903BE82}
		{88221843-F3D8-4E66-8251-44C5DA6ADF38} = {F3E5F8A1-DEF5-4540-A4B0-73ABB7129801}
		{E4820A9A-2E53-49B1-BD09-A476A1EF8D64} = {0B3E0AF0-D120-4D56-A635-4C084D6C0A17}
		{E6F251FB-3B7A-4FE8-B804-6A7184D263C1} = {0B3E0AF0-D120-4D56-A635-4C084D6C0A17}
		{7B2CBB03-DE62-486B-AD1A-9298F21B4E2E} = {0B3E0AF0-D120-4D56-A635-4C084D6C0A17}
		{E16024A7-7F4E-43CA-A07C-BFD409002FF8} = {0B3E0AF0-D120-4D56-A635-4C084D6C0A17}
		{46D733B8-D735-4ED0-8A57-449F483A60CF} = {0B3E0AF0-D120-4D56-A635-4C084D6C0A17}
		{B825B6AC-5D47-415A-8890-940B40AC0695} = {0B3E0AF0-D120-4D56-A635-4C084D6C0A17}
		{DF33DD1E-918D-47F2-96A1-F97C82CC1651} = {0B3E0AF0-D120-4D56-A635-4C084D6C0A17}
		{3D76D0B0-FE0A-4CBB-B02F-1FA5D3DF4CE4} = {0B3E0AF0-D120-4D56-A635-4C084D6C0A17}
		{771F9D64-EFE3-447C-8D57-05E581EAE6E7} = {0B3E0AF0-D120-4D56-A635-4C084D6C0A17}
		{19A8E392-EFEF-455A-BF3D-E83C4EEFCF8F} = {0B3E0AF0-D120-4D56-A635-4C084D6C0A17}
		{7C90728E-679F-40DE-8E83-D98ECAF4FB09} = {0B3E0AF0-D120-4D56-A635-4C084D6C0A17}
		{C855C8B9-3CA7-46D8-994D-CFDF0DB73DE7} = {0B3E0AF0-D120-4D56-A635-4C084D6C0A17}
		{5DAA5368-6927-4183-A0E2-67E3B1D4DA5B} = {0B3E0AF0-D120-4D56-A635-4C084D6C0A17}
		{29191C2A-69CF-4DA4-81A0-3F764AA1EA0C} = {0B3E0AF0-D120-4D56-A635-4C084D6C0A17}
		{5B9EFEA7-62AD-491E-A3A4-72790D8D626F} = {0B3E0AF0-D120-4D56-A635-4C084D6C0A17}
		{1216D935-4A6E-46F4-83AB-B196A6ACC4ED} = {0B3E0AF0-D120-4D56-A635-4C084D6C0A17}
		{1E844917-378B-4E3C-B4AE-D384C454BA32} = {0B3E0AF0-D120-4D56-A635-4C084D6C0A17}
		{C3AA99CE-62F0-459E-BBE6-D9ED3E70A7CD} = {0B3E0AF0-D120-4D56-A635-4C084D6C0A17}
		{0AFC5399-913D-4D49-A4F7-C334C01B9A4B} = {0B3E0AF0-D120-4D56-A635-4C084D6C0A17}
		{26B94A4F-F0FE-4901-A790-2F64B83B8302} = {0B3E0AF0-D120-4D56-A635-4C084D6C0A17}
		{7292373E-8CC9-444A-88B5-8342DC99B034} = {0B3E0AF0-D120-4D56-A635-4C084D6C0A17}
		{714BEABA-947A-4BAF-98B1-8CC1550517F9} = {0B3E0AF0-D120-4D56-A635-4C084D6C0A17}
		{1DB02E72-EB5C-4626-955D-BB3B995EB2F1} = {0B3E0AF0-D120-4D56-A635-4C084D6C0A17}
		{BEF6A97C-9F36-4BA8-8890-9DF42EC30A26} = {0B3E0AF0-D120-4D56-A635-4C084D6C0A17}
		{93A5B559-3CEE-4F7E-8233-1F01712647F9} = {0B3E0AF0-D120-4D56-A635-4C084D6C0A17}
		{C5E28DC6-F516-4C07-A8B6-577D2E123058} = {0B3E0AF0-D120-4D56-A635-4C084D6C0A17}
		{3E157B95-C706-4AC7-B53B-149B98F21719} = {0B3E0AF0-D120-4D56-A635-4C084D6C0A17}
		{CC41384A-BD38-4D60-B74C-736A5CFF5123} = {0B3E0AF0-D120-4D56-A635-4C084D6C0A17}
		{E94ED9A0-8FC4-4043-B4AF-0F9F2C4511B3} = {0B3E0AF0-D120-4D56-A635-4C084D6C0A17}
		{C371EC80-0271-4E09-9E15-50F39CE501AE} = {0B3E0AF0-D120-4D56-A635-4C084D6C0A17}
		{C3FBFB50-98E3-4059-9BD4-AB1F8158A2C7} = {0B3E0AF0-D120-4D56-A635-4C084D6C0A17}
		{0D8CF3F9-5836-4653-91AF-F073E709E932} = {0B3E0AF0-D120-4D56-A635-4C084D6C0A17}
		{D063CC15-FB08-4307-A1F1-EA17A217BD99} = {0B3E0AF0-D120-4D56-A635-4C084D6C0A17}
		{9827A4B8-10A1-41ED-BE87-761F8E6B740A} = {0B3E0AF0-D120-4D56-A635-4C084D6C0A17}
		{E3E1994F-D610-487A-88FC-6CEA4B029630} = {0B3E0AF0-D120-4D56-A635-4C084D6C0A17}
		{1C470A7D-2B57-4A9F-AA7D-F8824C2D1607} = {0B3E0AF0-D120-4D56-A635-4C084D6C0A17}
		{FCE5C176-82B7-4A0F-98F5-B23191711815} = {0B3E0AF0-D120-4D56-A635-4C084D6C0A17}
		{F42C871D-15D8-4AAA-A537-5D17970DF8A8} = {0B3E0AF0-D120-4D56-A635-4C084D6C0A17}
		{4FFEFE4F-62AC-49E4-8C29-EDFF79CC6532} = {0B3E0AF0-D120-4D56-A635-4C084D6C0A17}
		{10867E05-1EFB-4287-B90C-224FE485A279} = {0B3E0AF0-D120-4D56-A635-4C084D6C0A17}
		{DBE35CBF-6E85-41FB-B2ED-357927F146C3} = {0B3E0AF0-D120-4D56-A635-4C084D6C0A17}
		{55ECF4D3-F9AA-487A-BAFC-D8133875F7F4} = {0B3E0AF0-D120-4D56-A635-4C084D6C0A17}
	EndGlobalSection
EndGlobal
