
Microsoft Visual Studio Solution File, Format Version 12.00
# Visual Studio Version 17
VisualStudioVersion = 17.0.31903.59
MinimumVisualStudioVersion = 10.0.40219.1
Project("{2150E333-8FDC-42A3-9474-1A3956D46DE8}") = "src", "src", "{25834A3B-01B0-47D5-B891-58DD52896532}"
EndProject
Project("{2150E333-8FDC-42A3-9474-1A3956D46DE8}") = "Framework", "Framework", "{8D99AE9B-1CF9-4A26-950A-EBC9ED076060}"
EndProject
Project("{FAE04EC0-301F-11D3-BF4B-00C04F79EFBC}") = "Zlink.Framework", "src\Zlink.Framework\Zlink.Framework.csproj", "{22AA3415-E273-40A3-9F3C-279FC21A4FF9}"
EndProject
Project("{FAE04EC0-301F-11D3-BF4B-00C04F79EFBC}") = "Zlink.Framework.Contracts", "src\Zlink.Framework.Contracts\Zlink.Framework.Contracts.csproj", "{B6C7E1D2-20A8-4AF9-9C44-662BE47C14A3}"
EndProject
Project("{FAE04EC0-301F-11D3-BF4B-00C04F79EFBC}") = "Zlink.Framework.AspNetCore", "src\Zlink.Framework.AspNetCore\Zlink.Framework.AspNetCore.csproj", "{3853B05A-6F45-4A7F-860B-FCA8C4AE9A90}"
EndProject
Project("{2150E333-8FDC-42A3-9474-1A3956D46DE8}") = "Connector", "Connector", "{CA535515-7831-4B38-9327-B1B64172871C}"
EndProject
Project("{2150E333-8FDC-42A3-9474-1A3956D46DE8}") = "tests", "tests", "{F3E5F8A1-DEF5-4540-A4B0-73ABB7129801}"
EndProject
Project("{2150E333-8FDC-42A3-9474-1A3956D46DE8}") = "testapps", "testapps", "{24582C8A-3FB9-4856-BA31-F72F4EE9CDE5}"
EndProject
Project("{FAE04EC0-301F-11D3-BF4B-00C04F79EFBC}") = "Zlink.Framework.TestHost", "cross-language\Zlink.Framework.TestHost\Zlink.Framework.TestHost.csproj", "{FF1A6329-0D5F-4849-B66C-C947AEB74AFE}"
EndProject
Project("{FAE04EC0-301F-11D3-BF4B-00C04F79EFBC}") = "Zlink.Framework.DocFixtures", "testapps\Zlink.Framework.DocFixtures\Zlink.Framework.DocFixtures.csproj", "{8729447A-72E9-4FD6-A83F-E00658A109F3}"
EndProject
Project("{FAE04EC0-301F-11D3-BF4B-00C04F79EFBC}") = "Systems.Zlink.Stream.Connector.Tests", "tests\Systems.Zlink.Stream.Connector.Tests\Systems.Zlink.Stream.Connector.Tests.csproj", "{C6C39E87-38D9-4C21-8BA8-763E81BED945}"
EndProject
Project("{FAE04EC0-301F-11D3-BF4B-00C04F79EFBC}") = "Systems.Zlink.Stream.Connector", "src\Systems.Zlink.Stream.Connector\Systems.Zlink.Stream.Connector.csproj", "{EF560B85-2ED8-43D1-B6C4-8B9A86EA5A99}"
EndProject
Project("{FAE04EC0-301F-11D3-BF4B-00C04F79EFBC}") = "Zlink.Framework.UnitTests", "tests\Zlink.Framework.UnitTests\Zlink.Framework.UnitTests.csproj", "{4F6DDD4B-53A2-47AA-9291-EE018F3AD880}"
EndProject
Project("{FAE04EC0-301F-11D3-BF4B-00C04F79EFBC}") = "Zlink.Framework.ContractTests", "tests\Zlink.Framework.ContractTests\Zlink.Framework.ContractTests.csproj", "{FB7E20EB-B2E3-456E-8535-762BE108680B}"
EndProject
Project("{FAE04EC0-301F-11D3-BF4B-00C04F79EFBC}") = "Zlink.HttpClient", "src\Zlink.HttpClient\Zlink.HttpClient.csproj", "{5A68D7FA-4FBD-478B-9E63-494974B88AC9}"
EndProject
Project("{FAE04EC0-301F-11D3-BF4B-00C04F79EFBC}") = "Zlink.HttpClient.UnitTests", "tests\Zlink.HttpClient.UnitTests\Zlink.HttpClient.UnitTests.csproj", "{85ADAB53-463D-4C7E-8CF0-5C3D7AD41640}"
EndProject
Project("{FAE04EC0-301F-11D3-BF4B-00C04F79EFBC}") = "Zlink.Framework.Codecs.Protobuf", "src\Zlink.Framework.Codecs.Protobuf\Zlink.Framework.Codecs.Protobuf.csproj", "{2812770F-E92A-4AD3-BED8-56A16F9B9847}"
EndProject
Project("{FAE04EC0-301F-11D3-BF4B-00C04F79EFBC}") = "Zlink.Framework.Codecs.MessagePack", "src\Zlink.Framework.Codecs.MessagePack\Zlink.Framework.Codecs.MessagePack.csproj", "{65532131-A98A-42F5-80D5-54990D377F0A}"
EndProject
Project("{FAE04EC0-301F-11D3-BF4B-00C04F79EFBC}") = "Zlink.Framework.Locations.Redis", "src\Zlink.Framework.Locations.Redis\Zlink.Framework.Locations.Redis.csproj", "{04FE4900-FA9F-4CD6-83A5-C3954A8660B5}"
EndProject
Project("{FAE04EC0-301F-11D3-BF4B-00C04F79EFBC}") = "Zlink.Framework.Locations.Redis.Tests", "tests\Zlink.Framework.Locations.Redis.Tests\Zlink.Framework.Locations.Redis.Tests.csproj", "{7B05DF0B-C909-4E3E-966D-14E6E7AE396E}"
EndProject
Project("{FAE04EC0-301F-11D3-BF4B-00C04F79EFBC}") = "Zlink.Framework.Provider.Abstractions", "src\Zlink.Framework.Provider.Abstractions\Zlink.Framework.Provider.Abstractions.csproj", "{D901E427-EE05-4D7D-B168-5AE8CE7E6A94}"
EndProject
Project("{2150E333-8FDC-42A3-9474-1A3956D46DE8}") = "perf", "perf", "{9B28D84F-7405-486A-882D-01B41903BE82}"
EndProject
Project("{FAE04EC0-301F-11D3-BF4B-00C04F79EFBC}") = "ZLink.Framework.Perf.Shared", "perf\ZLink.Framework.Perf.Shared\ZLink.Framework.Perf.Shared.csproj", "{384E7014-C75A-4719-9012-FAE04D0EFFC1}"
EndProject
Project("{FAE04EC0-301F-11D3-BF4B-00C04F79EFBC}") = "ZLink.Framework.Perf.ServerSupport", "perf\ZLink.Framework.Perf.ServerSupport\ZLink.Framework.Perf.ServerSupport.csproj", "{715C7B86-62F8-453D-8D50-9833967BE29D}"
EndProject
Project("{FAE04EC0-301F-11D3-BF4B-00C04F79EFBC}") = "ZLink.Framework.Perf.Client", "perf\ZLink.Framework.Perf.Client\ZLink.Framework.Perf.Client.csproj", "{7648E538-CC3D-4769-B041-F1847F37273E}"
EndProject
Project("{FAE04EC0-301F-11D3-BF4B-00C04F79EFBC}") = "ZLink.Framework.Perf.SessionServer", "perf\ZLink.Framework.Perf.SessionServer\ZLink.Framework.Perf.SessionServer.csproj", "{2F3AF803-714E-4C4B-8E7F-B657EAC1401D}"
EndProject
Project("{FAE04EC0-301F-11D3-BF4B-00C04F79EFBC}") = "ZLink.Framework.Perf.ChannelServer", "perf\ZLink.Framework.Perf.ChannelServer\ZLink.Framework.Perf.ChannelServer.csproj", "{29EE950C-75DE-4BAA-8405-A0C994EBCBCE}"
EndProject
Project("{FAE04EC0-301F-11D3-BF4B-00C04F79EFBC}") = "ZLink.Framework.Perf.Tests", "perf\ZLink.Framework.Perf.Tests\ZLink.Framework.Perf.Tests.csproj", "{975D07F8-8D57-4FF0-B05A-E2EEBA4A0AB1}"
EndProject
Global
	GlobalSection(SolutionConfigurationPlatforms) = preSolution
		Debug|Any CPU = Debug|Any CPU
		Debug|x64 = Debug|x64
		Debug|x86 = Debug|x86
		Release|Any CPU = Release|Any CPU
		Release|x64 = Release|x64
		Release|x86 = Release|x86
	EndGlobalSection
	GlobalSection(ProjectConfigurationPlatforms) = postSolution
		{22AA3415-E273-40A3-9F3C-279FC21A4FF9}.Debug|Any CPU.ActiveCfg = Debug|Any CPU
		{22AA3415-E273-40A3-9F3C-279FC21A4FF9}.Debug|Any CPU.Build.0 = Debug|Any CPU
		{22AA3415-E273-40A3-9F3C-279FC21A4FF9}.Debug|x64.ActiveCfg = Debug|Any CPU
		{22AA3415-E273-40A3-9F3C-279FC21A4FF9}.Debug|x64.Build.0 = Debug|Any CPU
		{22AA3415-E273-40A3-9F3C-279FC21A4FF9}.Debug|x86.ActiveCfg = Debug|Any CPU
		{22AA3415-E273-40A3-9F3C-279FC21A4FF9}.Debug|x86.Build.0 = Debug|Any CPU
		{22AA3415-E273-40A3-9F3C-279FC21A4FF9}.Release|Any CPU.ActiveCfg = Release|Any CPU
		{22AA3415-E273-40A3-9F3C-279FC21A4FF9}.Release|Any CPU.Build.0 = Release|Any CPU
		{22AA3415-E273-40A3-9F3C-279FC21A4FF9}.Release|x64.ActiveCfg = Release|Any CPU
		{22AA3415-E273-40A3-9F3C-279FC21A4FF9}.Release|x64.Build.0 = Release|Any CPU
		{22AA3415-E273-40A3-9F3C-279FC21A4FF9}.Release|x86.ActiveCfg = Release|Any CPU
		{22AA3415-E273-40A3-9F3C-279FC21A4FF9}.Release|x86.Build.0 = Release|Any CPU
		{B6C7E1D2-20A8-4AF9-9C44-662BE47C14A3}.Debug|Any CPU.ActiveCfg = Debug|Any CPU
		{B6C7E1D2-20A8-4AF9-9C44-662BE47C14A3}.Debug|Any CPU.Build.0 = Debug|Any CPU
		{B6C7E1D2-20A8-4AF9-9C44-662BE47C14A3}.Debug|x64.ActiveCfg = Debug|Any CPU
		{B6C7E1D2-20A8-4AF9-9C44-662BE47C14A3}.Debug|x64.Build.0 = Debug|Any CPU
		{B6C7E1D2-20A8-4AF9-9C44-662BE47C14A3}.Debug|x86.ActiveCfg = Debug|Any CPU
		{B6C7E1D2-20A8-4AF9-9C44-662BE47C14A3}.Debug|x86.Build.0 = Debug|Any CPU
		{B6C7E1D2-20A8-4AF9-9C44-662BE47C14A3}.Release|Any CPU.ActiveCfg = Release|Any CPU
		{B6C7E1D2-20A8-4AF9-9C44-662BE47C14A3}.Release|Any CPU.Build.0 = Release|Any CPU
		{B6C7E1D2-20A8-4AF9-9C44-662BE47C14A3}.Release|x64.ActiveCfg = Release|Any CPU
		{B6C7E1D2-20A8-4AF9-9C44-662BE47C14A3}.Release|x64.Build.0 = Release|Any CPU
		{B6C7E1D2-20A8-4AF9-9C44-662BE47C14A3}.Release|x86.ActiveCfg = Release|Any CPU
		{B6C7E1D2-20A8-4AF9-9C44-662BE47C14A3}.Release|x86.Build.0 = Release|Any CPU
		{3853B05A-6F45-4A7F-860B-FCA8C4AE9A90}.Debug|Any CPU.ActiveCfg = Debug|Any CPU
		{3853B05A-6F45-4A7F-860B-FCA8C4AE9A90}.Debug|Any CPU.Build.0 = Debug|Any CPU
		{3853B05A-6F45-4A7F-860B-FCA8C4AE9A90}.Debug|x64.ActiveCfg = Debug|Any CPU
		{3853B05A-6F45-4A7F-860B-FCA8C4AE9A90}.Debug|x64.Build.0 = Debug|Any CPU
		{3853B05A-6F45-4A7F-860B-FCA8C4AE9A90}.Debug|x86.ActiveCfg = Debug|Any CPU
		{3853B05A-6F45-4A7F-860B-FCA8C4AE9A90}.Debug|x86.Build.0 = Debug|Any CPU
		{3853B05A-6F45-4A7F-860B-FCA8C4AE9A90}.Release|Any CPU.ActiveCfg = Release|Any CPU
		{3853B05A-6F45-4A7F-860B-FCA8C4AE9A90}.Release|Any CPU.Build.0 = Release|Any CPU
		{3853B05A-6F45-4A7F-860B-FCA8C4AE9A90}.Release|x64.ActiveCfg = Release|Any CPU
		{3853B05A-6F45-4A7F-860B-FCA8C4AE9A90}.Release|x64.Build.0 = Release|Any CPU
		{3853B05A-6F45-4A7F-860B-FCA8C4AE9A90}.Release|x86.ActiveCfg = Release|Any CPU
		{3853B05A-6F45-4A7F-860B-FCA8C4AE9A90}.Release|x86.Build.0 = Release|Any CPU
		{FF1A6329-0D5F-4849-B66C-C947AEB74AFE}.Debug|Any CPU.ActiveCfg = Debug|Any CPU
		{FF1A6329-0D5F-4849-B66C-C947AEB74AFE}.Debug|Any CPU.Build.0 = Debug|Any CPU
		{FF1A6329-0D5F-4849-B66C-C947AEB74AFE}.Debug|x64.ActiveCfg = Debug|Any CPU
		{FF1A6329-0D5F-4849-B66C-C947AEB74AFE}.Debug|x64.Build.0 = Debug|Any CPU
		{FF1A6329-0D5F-4849-B66C-C947AEB74AFE}.Debug|x86.ActiveCfg = Debug|Any CPU
		{FF1A6329-0D5F-4849-B66C-C947AEB74AFE}.Debug|x86.Build.0 = Debug|Any CPU
		{FF1A6329-0D5F-4849-B66C-C947AEB74AFE}.Release|Any CPU.ActiveCfg = Release|Any CPU
		{FF1A6329-0D5F-4849-B66C-C947AEB74AFE}.Release|Any CPU.Build.0 = Release|Any CPU
		{FF1A6329-0D5F-4849-B66C-C947AEB74AFE}.Release|x64.ActiveCfg = Release|Any CPU
		{FF1A6329-0D5F-4849-B66C-C947AEB74AFE}.Release|x64.Build.0 = Release|Any CPU
		{FF1A6329-0D5F-4849-B66C-C947AEB74AFE}.Release|x86.ActiveCfg = Release|Any CPU
		{FF1A6329-0D5F-4849-B66C-C947AEB74AFE}.Release|x86.Build.0 = Release|Any CPU
		{8729447A-72E9-4FD6-A83F-E00658A109F3}.Debug|Any CPU.ActiveCfg = Debug|Any CPU
		{8729447A-72E9-4FD6-A83F-E00658A109F3}.Debug|Any CPU.Build.0 = Debug|Any CPU
		{8729447A-72E9-4FD6-A83F-E00658A109F3}.Debug|x64.ActiveCfg = Debug|Any CPU
		{8729447A-72E9-4FD6-A83F-E00658A109F3}.Debug|x64.Build.0 = Debug|Any CPU
		{8729447A-72E9-4FD6-A83F-E00658A109F3}.Debug|x86.ActiveCfg = Debug|Any CPU
		{8729447A-72E9-4FD6-A83F-E00658A109F3}.Debug|x86.Build.0 = Debug|Any CPU
		{8729447A-72E9-4FD6-A83F-E00658A109F3}.Release|Any CPU.ActiveCfg = Release|Any CPU
		{8729447A-72E9-4FD6-A83F-E00658A109F3}.Release|Any CPU.Build.0 = Release|Any CPU
		{8729447A-72E9-4FD6-A83F-E00658A109F3}.Release|x64.ActiveCfg = Release|Any CPU
		{8729447A-72E9-4FD6-A83F-E00658A109F3}.Release|x64.Build.0 = Release|Any CPU
		{8729447A-72E9-4FD6-A83F-E00658A109F3}.Release|x86.ActiveCfg = Release|Any CPU
		{8729447A-72E9-4FD6-A83F-E00658A109F3}.Release|x86.Build.0 = Release|Any CPU
		{C6C39E87-38D9-4C21-8BA8-763E81BED945}.Debug|Any CPU.ActiveCfg = Debug|Any CPU
		{C6C39E87-38D9-4C21-8BA8-763E81BED945}.Debug|Any CPU.Build.0 = Debug|Any CPU
		{C6C39E87-38D9-4C21-8BA8-763E81BED945}.Debug|x64.ActiveCfg = Debug|Any CPU
		{C6C39E87-38D9-4C21-8BA8-763E81BED945}.Debug|x64.Build.0 = Debug|Any CPU
		{C6C39E87-38D9-4C21-8BA8-763E81BED945}.Debug|x86.ActiveCfg = Debug|Any CPU
		{C6C39E87-38D9-4C21-8BA8-763E81BED945}.Debug|x86.Build.0 = Debug|Any CPU
		{C6C39E87-38D9-4C21-8BA8-763E81BED945}.Release|Any CPU.ActiveCfg = Release|Any CPU
		{C6C39E87-38D9-4C21-8BA8-763E81BED945}.Release|Any CPU.Build.0 = Release|Any CPU
		{C6C39E87-38D9-4C21-8BA8-763E81BED945}.Release|x64.ActiveCfg = Release|Any CPU
		{C6C39E87-38D9-4C21-8BA8-763E81BED945}.Release|x64.Build.0 = Release|Any CPU
		{C6C39E87-38D9-4C21-8BA8-763E81BED945}.Release|x86.ActiveCfg = Release|Any CPU
		{C6C39E87-38D9-4C21-8BA8-763E81BED945}.Release|x86.Build.0 = Release|Any CPU
		{EF560B85-2ED8-43D1-B6C4-8B9A86EA5A99}.Debug|Any CPU.ActiveCfg = Debug|Any CPU
		{EF560B85-2ED8-43D1-B6C4-8B9A86EA5A99}.Debug|Any CPU.Build.0 = Debug|Any CPU
		{EF560B85-2ED8-43D1-B6C4-8B9A86EA5A99}.Debug|x64.ActiveCfg = Debug|Any CPU
		{EF560B85-2ED8-43D1-B6C4-8B9A86EA5A99}.Debug|x64.Build.0 = Debug|Any CPU
		{EF560B85-2ED8-43D1-B6C4-8B9A86EA5A99}.Debug|x86.ActiveCfg = Debug|Any CPU
		{EF560B85-2ED8-43D1-B6C4-8B9A86EA5A99}.Debug|x86.Build.0 = Debug|Any CPU
		{EF560B85-2ED8-43D1-B6C4-8B9A86EA5A99}.Release|Any CPU.ActiveCfg = Release|Any CPU
		{EF560B85-2ED8-43D1-B6C4-8B9A86EA5A99}.Release|Any CPU.Build.0 = Release|Any CPU
		{EF560B85-2ED8-43D1-B6C4-8B9A86EA5A99}.Release|x64.ActiveCfg = Release|Any CPU
		{EF560B85-2ED8-43D1-B6C4-8B9A86EA5A99}.Release|x64.Build.0 = Release|Any CPU
		{EF560B85-2ED8-43D1-B6C4-8B9A86EA5A99}.Release|x86.ActiveCfg = Release|Any CPU
		{EF560B85-2ED8-43D1-B6C4-8B9A86EA5A99}.Release|x86.Build.0 = Release|Any CPU
		{4F6DDD4B-53A2-47AA-9291-EE018F3AD880}.Debug|Any CPU.ActiveCfg = Debug|Any CPU
		{4F6DDD4B-53A2-47AA-9291-EE018F3AD880}.Debug|Any CPU.Build.0 = Debug|Any CPU
		{4F6DDD4B-53A2-47AA-9291-EE018F3AD880}.Debug|x64.ActiveCfg = Debug|Any CPU
		{4F6DDD4B-53A2-47AA-9291-EE018F3AD880}.Debug|x64.Build.0 = Debug|Any CPU
		{4F6DDD4B-53A2-47AA-9291-EE018F3AD880}.Debug|x86.ActiveCfg = Debug|Any CPU
		{4F6DDD4B-53A2-47AA-9291-EE018F3AD880}.Debug|x86.Build.0 = Debug|Any CPU
		{4F6DDD4B-53A2-47AA-9291-EE018F3AD880}.Release|Any CPU.ActiveCfg = Release|Any CPU
		{4F6DDD4B-53A2-47AA-9291-EE018F3AD880}.Release|Any CPU.Build.0 = Release|Any CPU
		{4F6DDD4B-53A2-47AA-9291-EE018F3AD880}.Release|x64.ActiveCfg = Release|Any CPU
		{4F6DDD4B-53A2-47AA-9291-EE018F3AD880}.Release|x64.Build.0 = Release|Any CPU
		{4F6DDD4B-53A2-47AA-9291-EE018F3AD880}.Release|x86.ActiveCfg = Release|Any CPU
		{4F6DDD4B-53A2-47AA-9291-EE018F3AD880}.Release|x86.Build.0 = Release|Any CPU
		{FB7E20EB-B2E3-456E-8535-762BE108680B}.Debug|Any CPU.ActiveCfg = Debug|Any CPU
		{FB7E20EB-B2E3-456E-8535-762BE108680B}.Debug|Any CPU.Build.0 = Debug|Any CPU
		{FB7E20EB-B2E3-456E-8535-762BE108680B}.Debug|x64.ActiveCfg = Debug|Any CPU
		{FB7E20EB-B2E3-456E-8535-762BE108680B}.Debug|x64.Build.0 = Debug|Any CPU
		{FB7E20EB-B2E3-456E-8535-762BE108680B}.Debug|x86.ActiveCfg = Debug|Any CPU
		{FB7E20EB-B2E3-456E-8535-762BE108680B}.Debug|x86.Build.0 = Debug|Any CPU
		{FB7E20EB-B2E3-456E-8535-762BE108680B}.Release|Any CPU.ActiveCfg = Release|Any CPU
		{FB7E20EB-B2E3-456E-8535-762BE108680B}.Release|Any CPU.Build.0 = Release|Any CPU
		{FB7E20EB-B2E3-456E-8535-762BE108680B}.Release|x64.ActiveCfg = Release|Any CPU
		{FB7E20EB-B2E3-456E-8535-762BE108680B}.Release|x64.Build.0 = Release|Any CPU
		{FB7E20EB-B2E3-456E-8535-762BE108680B}.Release|x86.ActiveCfg = Release|Any CPU
		{FB7E20EB-B2E3-456E-8535-762BE108680B}.Release|x86.Build.0 = Release|Any CPU
		{5A68D7FA-4FBD-478B-9E63-494974B88AC9}.Debug|Any CPU.ActiveCfg = Debug|Any CPU
		{5A68D7FA-4FBD-478B-9E63-494974B88AC9}.Debug|Any CPU.Build.0 = Debug|Any CPU
		{5A68D7FA-4FBD-478B-9E63-494974B88AC9}.Debug|x64.ActiveCfg = Debug|Any CPU
		{5A68D7FA-4FBD-478B-9E63-494974B88AC9}.Debug|x64.Build.0 = Debug|Any CPU
		{5A68D7FA-4FBD-478B-9E63-494974B88AC9}.Debug|x86.ActiveCfg = Debug|Any CPU
		{5A68D7FA-4FBD-478B-9E63-494974B88AC9}.Debug|x86.Build.0 = Debug|Any CPU
		{5A68D7FA-4FBD-478B-9E63-494974B88AC9}.Release|Any CPU.ActiveCfg = Release|Any CPU
		{5A68D7FA-4FBD-478B-9E63-494974B88AC9}.Release|Any CPU.Build.0 = Release|Any CPU
		{5A68D7FA-4FBD-478B-9E63-494974B88AC9}.Release|x64.ActiveCfg = Release|Any CPU
		{5A68D7FA-4FBD-478B-9E63-494974B88AC9}.Release|x64.Build.0 = Release|Any CPU
		{5A68D7FA-4FBD-478B-9E63-494974B88AC9}.Release|x86.ActiveCfg = Release|Any CPU
		{5A68D7FA-4FBD-478B-9E63-494974B88AC9}.Release|x86.Build.0 = Release|Any CPU
		{85ADAB53-463D-4C7E-8CF0-5C3D7AD41640}.Debug|Any CPU.ActiveCfg = Debug|Any CPU
		{85ADAB53-463D-4C7E-8CF0-5C3D7AD41640}.Debug|Any CPU.Build.0 = Debug|Any CPU
		{85ADAB53-463D-4C7E-8CF0-5C3D7AD41640}.Debug|x64.ActiveCfg = Debug|Any CPU
		{85ADAB53-463D-4C7E-8CF0-5C3D7AD41640}.Debug|x64.Build.0 = Debug|Any CPU
		{85ADAB53-463D-4C7E-8CF0-5C3D7AD41640}.Debug|x86.ActiveCfg = Debug|Any CPU
		{85ADAB53-463D-4C7E-8CF0-5C3D7AD41640}.Debug|x86.Build.0 = Debug|Any CPU
		{85ADAB53-463D-4C7E-8CF0-5C3D7AD41640}.Release|Any CPU.ActiveCfg = Release|Any CPU
		{85ADAB53-463D-4C7E-8CF0-5C3D7AD41640}.Release|Any CPU.Build.0 = Release|Any CPU
		{85ADAB53-463D-4C7E-8CF0-5C3D7AD41640}.Release|x64.ActiveCfg = Release|Any CPU
		{85ADAB53-463D-4C7E-8CF0-5C3D7AD41640}.Release|x64.Build.0 = Release|Any CPU
		{85ADAB53-463D-4C7E-8CF0-5C3D7AD41640}.Release|x86.ActiveCfg = Release|Any CPU
		{85ADAB53-463D-4C7E-8CF0-5C3D7AD41640}.Release|x86.Build.0 = Release|Any CPU
		{2812770F-E92A-4AD3-BED8-56A16F9B9847}.Debug|Any CPU.ActiveCfg = Debug|Any CPU
		{2812770F-E92A-4AD3-BED8-56A16F9B9847}.Debug|Any CPU.Build.0 = Debug|Any CPU
		{2812770F-E92A-4AD3-BED8-56A16F9B9847}.Debug|x64.ActiveCfg = Debug|Any CPU
		{2812770F-E92A-4AD3-BED8-56A16F9B9847}.Debug|x64.Build.0 = Debug|Any CPU
		{2812770F-E92A-4AD3-BED8-56A16F9B9847}.Debug|x86.ActiveCfg = Debug|Any CPU
		{2812770F-E92A-4AD3-BED8-56A16F9B9847}.Debug|x86.Build.0 = Debug|Any CPU
		{2812770F-E92A-4AD3-BED8-56A16F9B9847}.Release|Any CPU.ActiveCfg = Release|Any CPU
		{2812770F-E92A-4AD3-BED8-56A16F9B9847}.Release|Any CPU.Build.0 = Release|Any CPU
		{2812770F-E92A-4AD3-BED8-56A16F9B9847}.Release|x64.ActiveCfg = Release|Any CPU
		{2812770F-E92A-4AD3-BED8-56A16F9B9847}.Release|x64.Build.0 = Release|Any CPU
		{2812770F-E92A-4AD3-BED8-56A16F9B9847}.Release|x86.ActiveCfg = Release|Any CPU
		{2812770F-E92A-4AD3-BED8-56A16F9B9847}.Release|x86.Build.0 = Release|Any CPU
		{65532131-A98A-42F5-80D5-54990D377F0A}.Debug|Any CPU.ActiveCfg = Debug|Any CPU
		{65532131-A98A-42F5-80D5-54990D377F0A}.Debug|Any CPU.Build.0 = Debug|Any CPU
		{65532131-A98A-42F5-80D5-54990D377F0A}.Debug|x64.ActiveCfg = Debug|Any CPU
		{65532131-A98A-42F5-80D5-54990D377F0A}.Debug|x64.Build.0 = Debug|Any CPU
		{65532131-A98A-42F5-80D5-54990D377F0A}.Debug|x86.ActiveCfg = Debug|Any CPU
		{65532131-A98A-42F5-80D5-54990D377F0A}.Debug|x86.Build.0 = Debug|Any CPU
		{65532131-A98A-42F5-80D5-54990D377F0A}.Release|Any CPU.ActiveCfg = Release|Any CPU
		{65532131-A98A-42F5-80D5-54990D377F0A}.Release|Any CPU.Build.0 = Release|Any CPU
		{65532131-A98A-42F5-80D5-54990D377F0A}.Release|x64.ActiveCfg = Release|Any CPU
		{65532131-A98A-42F5-80D5-54990D377F0A}.Release|x64.Build.0 = Release|Any CPU
		{65532131-A98A-42F5-80D5-54990D377F0A}.Release|x86.ActiveCfg = Release|Any CPU
		{65532131-A98A-42F5-80D5-54990D377F0A}.Release|x86.Build.0 = Release|Any CPU
		{04FE4900-FA9F-4CD6-83A5-C3954A8660B5}.Debug|Any CPU.ActiveCfg = Debug|Any CPU
		{04FE4900-FA9F-4CD6-83A5-C3954A8660B5}.Debug|Any CPU.Build.0 = Debug|Any CPU
		{04FE4900-FA9F-4CD6-83A5-C3954A8660B5}.Debug|x64.ActiveCfg = Debug|Any CPU
		{04FE4900-FA9F-4CD6-83A5-C3954A8660B5}.Debug|x64.Build.0 = Debug|Any CPU
		{04FE4900-FA9F-4CD6-83A5-C3954A8660B5}.Debug|x86.ActiveCfg = Debug|Any CPU
		{04FE4900-FA9F-4CD6-83A5-C3954A8660B5}.Debug|x86.Build.0 = Debug|Any CPU
		{04FE4900-FA9F-4CD6-83A5-C3954A8660B5}.Release|Any CPU.ActiveCfg = Release|Any CPU
		{04FE4900-FA9F-4CD6-83A5-C3954A8660B5}.Release|Any CPU.Build.0 = Release|Any CPU
		{04FE4900-FA9F-4CD6-83A5-C3954A8660B5}.Release|x64.ActiveCfg = Release|Any CPU
		{04FE4900-FA9F-4CD6-83A5-C3954A8660B5}.Release|x64.Build.0 = Release|Any CPU
		{04FE4900-FA9F-4CD6-83A5-C3954A8660B5}.Release|x86.ActiveCfg = Release|Any CPU
		{04FE4900-FA9F-4CD6-83A5-C3954A8660B5}.Release|x86.Build.0 = Release|Any CPU
		{7B05DF0B-C909-4E3E-966D-14E6E7AE396E}.Debug|Any CPU.ActiveCfg = Debug|Any CPU
		{7B05DF0B-C909-4E3E-966D-14E6E7AE396E}.Debug|Any CPU.Build.0 = Debug|Any CPU
		{7B05DF0B-C909-4E3E-966D-14E6E7AE396E}.Debug|x64.ActiveCfg = Debug|Any CPU
		{7B05DF0B-C909-4E3E-966D-14E6E7AE396E}.Debug|x64.Build.0 = Debug|Any CPU
		{7B05DF0B-C909-4E3E-966D-14E6E7AE396E}.Debug|x86.ActiveCfg = Debug|Any CPU
		{7B05DF0B-C909-4E3E-966D-14E6E7AE396E}.Debug|x86.Build.0 = Debug|Any CPU
		{7B05DF0B-C909-4E3E-966D-14E6E7AE396E}.Release|Any CPU.ActiveCfg = Release|Any CPU
		{7B05DF0B-C909-4E3E-966D-14E6E7AE396E}.Release|Any CPU.Build.0 = Release|Any CPU
		{7B05DF0B-C909-4E3E-966D-14E6E7AE396E}.Release|x64.ActiveCfg = Release|Any CPU
		{7B05DF0B-C909-4E3E-966D-14E6E7AE396E}.Release|x64.Build.0 = Release|Any CPU
		{7B05DF0B-C909-4E3E-966D-14E6E7AE396E}.Release|x86.ActiveCfg = Release|Any CPU
		{7B05DF0B-C909-4E3E-966D-14E6E7AE396E}.Release|x86.Build.0 = Release|Any CPU
		{D901E427-EE05-4D7D-B168-5AE8CE7E6A94}.Debug|Any CPU.ActiveCfg = Debug|Any CPU
		{D901E427-EE05-4D7D-B168-5AE8CE7E6A94}.Debug|Any CPU.Build.0 = Debug|Any CPU
		{D901E427-EE05-4D7D-B168-5AE8CE7E6A94}.Debug|x64.ActiveCfg = Debug|Any CPU
		{D901E427-EE05-4D7D-B168-5AE8CE7E6A94}.Debug|x64.Build.0 = Debug|Any CPU
		{D901E427-EE05-4D7D-B168-5AE8CE7E6A94}.Debug|x86.ActiveCfg = Debug|Any CPU
		{D901E427-EE05-4D7D-B168-5AE8CE7E6A94}.Debug|x86.Build.0 = Debug|Any CPU
		{D901E427-EE05-4D7D-B168-5AE8CE7E6A94}.Release|Any CPU.ActiveCfg = Release|Any CPU
		{D901E427-EE05-4D7D-B168-5AE8CE7E6A94}.Release|Any CPU.Build.0 = Release|Any CPU
		{D901E427-EE05-4D7D-B168-5AE8CE7E6A94}.Release|x64.ActiveCfg = Release|Any CPU
		{D901E427-EE05-4D7D-B168-5AE8CE7E6A94}.Release|x64.Build.0 = Release|Any CPU
		{D901E427-EE05-4D7D-B168-5AE8CE7E6A94}.Release|x86.ActiveCfg = Release|Any CPU
		{D901E427-EE05-4D7D-B168-5AE8CE7E6A94}.Release|x86.Build.0 = Release|Any CPU
		{384E7014-C75A-4719-9012-FAE04D0EFFC1}.Debug|Any CPU.ActiveCfg = Debug|Any CPU
		{384E7014-C75A-4719-9012-FAE04D0EFFC1}.Debug|Any CPU.Build.0 = Debug|Any CPU
		{384E7014-C75A-4719-9012-FAE04D0EFFC1}.Debug|x64.ActiveCfg = Debug|Any CPU
		{384E7014-C75A-4719-9012-FAE04D0EFFC1}.Debug|x64.Build.0 = Debug|Any CPU
		{384E7014-C75A-4719-9012-FAE04D0EFFC1}.Debug|x86.ActiveCfg = Debug|Any CPU
		{384E7014-C75A-4719-9012-FAE04D0EFFC1}.Debug|x86.Build.0 = Debug|Any CPU
		{384E7014-C75A-4719-9012-FAE04D0EFFC1}.Release|Any CPU.ActiveCfg = Release|Any CPU
		{384E7014-C75A-4719-9012-FAE04D0EFFC1}.Release|Any CPU.Build.0 = Release|Any CPU
		{384E7014-C75A-4719-9012-FAE04D0EFFC1}.Release|x64.ActiveCfg = Release|Any CPU
		{384E7014-C75A-4719-9012-FAE04D0EFFC1}.Release|x64.Build.0 = Release|Any CPU
		{384E7014-C75A-4719-9012-FAE04D0EFFC1}.Release|x86.ActiveCfg = Release|Any CPU
		{384E7014-C75A-4719-9012-FAE04D0EFFC1}.Release|x86.Build.0 = Release|Any CPU
		{715C7B86-62F8-453D-8D50-9833967BE29D}.Debug|Any CPU.ActiveCfg = Debug|Any CPU
		{715C7B86-62F8-453D-8D50-9833967BE29D}.Debug|Any CPU.Build.0 = Debug|Any CPU
		{715C7B86-62F8-453D-8D50-9833967BE29D}.Debug|x64.ActiveCfg = Debug|Any CPU
		{715C7B86-62F8-453D-8D50-9833967BE29D}.Debug|x64.Build.0 = Debug|Any CPU
		{715C7B86-62F8-453D-8D50-9833967BE29D}.Debug|x86.ActiveCfg = Debug|Any CPU
		{715C7B86-62F8-453D-8D50-9833967BE29D}.Debug|x86.Build.0 = Debug|Any CPU
		{715C7B86-62F8-453D-8D50-9833967BE29D}.Release|Any CPU.ActiveCfg = Release|Any CPU
		{715C7B86-62F8-453D-8D50-9833967BE29D}.Release|Any CPU.Build.0 = Release|Any CPU
		{715C7B86-62F8-453D-8D50-9833967BE29D}.Release|x64.ActiveCfg = Release|Any CPU
		{715C7B86-62F8-453D-8D50-9833967BE29D}.Release|x64.Build.0 = Release|Any CPU
		{715C7B86-62F8-453D-8D50-9833967BE29D}.Release|x86.ActiveCfg = Release|Any CPU
		{715C7B86-62F8-453D-8D50-9833967BE29D}.Release|x86.Build.0 = Release|Any CPU
		{7648E538-CC3D-4769-B041-F1847F37273E}.Debug|Any CPU.ActiveCfg = Debug|Any CPU
		{7648E538-CC3D-4769-B041-F1847F37273E}.Debug|Any CPU.Build.0 = Debug|Any CPU
		{7648E538-CC3D-4769-B041-F1847F37273E}.Debug|x64.ActiveCfg = Debug|Any CPU
		{7648E538-CC3D-4769-B041-F1847F37273E}.Debug|x64.Build.0 = Debug|Any CPU
		{7648E538-CC3D-4769-B041-F1847F37273E}.Debug|x86.ActiveCfg = Debug|Any CPU
		{7648E538-CC3D-4769-B041-F1847F37273E}.Debug|x86.Build.0 = Debug|Any CPU
		{7648E538-CC3D-4769-B041-F1847F37273E}.Release|Any CPU.ActiveCfg = Release|Any CPU
		{7648E538-CC3D-4769-B041-F1847F37273E}.Release|Any CPU.Build.0 = Release|Any CPU
		{7648E538-CC3D-4769-B041-F1847F37273E}.Release|x64.ActiveCfg = Release|Any CPU
		{7648E538-CC3D-4769-B041-F1847F37273E}.Release|x64.Build.0 = Release|Any CPU
		{7648E538-CC3D-4769-B041-F1847F37273E}.Release|x86.ActiveCfg = Release|Any CPU
		{7648E538-CC3D-4769-B041-F1847F37273E}.Release|x86.Build.0 = Release|Any CPU
		{2F3AF803-714E-4C4B-8E7F-B657EAC1401D}.Debug|Any CPU.ActiveCfg = Debug|Any CPU
		{2F3AF803-714E-4C4B-8E7F-B657EAC1401D}.Debug|Any CPU.Build.0 = Debug|Any CPU
		{2F3AF803-714E-4C4B-8E7F-B657EAC1401D}.Debug|x64.ActiveCfg = Debug|Any CPU
		{2F3AF803-714E-4C4B-8E7F-B657EAC1401D}.Debug|x64.Build.0 = Debug|Any CPU
		{2F3AF803-714E-4C4B-8E7F-B657EAC1401D}.Debug|x86.ActiveCfg = Debug|Any CPU
		{2F3AF803-714E-4C4B-8E7F-B657EAC1401D}.Debug|x86.Build.0 = Debug|Any CPU
		{2F3AF803-714E-4C4B-8E7F-B657EAC1401D}.Release|Any CPU.ActiveCfg = Release|Any CPU
		{2F3AF803-714E-4C4B-8E7F-B657EAC1401D}.Release|Any CPU.Build.0 = Release|Any CPU
		{2F3AF803-714E-4C4B-8E7F-B657EAC1401D}.Release|x64.ActiveCfg = Release|Any CPU
		{2F3AF803-714E-4C4B-8E7F-B657EAC1401D}.Release|x64.Build.0 = Release|Any CPU
		{2F3AF803-714E-4C4B-8E7F-B657EAC1401D}.Release|x86.ActiveCfg = Release|Any CPU
		{2F3AF803-714E-4C4B-8E7F-B657EAC1401D}.Release|x86.Build.0 = Release|Any CPU
		{29EE950C-75DE-4BAA-8405-A0C994EBCBCE}.Debug|Any CPU.ActiveCfg = Debug|Any CPU
		{29EE950C-75DE-4BAA-8405-A0C994EBCBCE}.Debug|Any CPU.Build.0 = Debug|Any CPU
		{29EE950C-75DE-4BAA-8405-A0C994EBCBCE}.Debug|x64.ActiveCfg = Debug|Any CPU
		{29EE950C-75DE-4BAA-8405-A0C994EBCBCE}.Debug|x64.Build.0 = Debug|Any CPU
		{29EE950C-75DE-4BAA-8405-A0C994EBCBCE}.Debug|x86.ActiveCfg = Debug|Any CPU
		{29EE950C-75DE-4BAA-8405-A0C994EBCBCE}.Debug|x86.Build.0 = Debug|Any CPU
		{29EE950C-75DE-4BAA-8405-A0C994EBCBCE}.Release|Any CPU.ActiveCfg = Release|Any CPU
		{29EE950C-75DE-4BAA-8405-A0C994EBCBCE}.Release|Any CPU.Build.0 = Release|Any CPU
		{29EE950C-75DE-4BAA-8405-A0C994EBCBCE}.Release|x64.ActiveCfg = Release|Any CPU
		{29EE950C-75DE-4BAA-8405-A0C994EBCBCE}.Release|x64.Build.0 = Release|Any CPU
		{29EE950C-75DE-4BAA-8405-A0C994EBCBCE}.Release|x86.ActiveCfg = Release|Any CPU
		{29EE950C-75DE-4BAA-8405-A0C994EBCBCE}.Release|x86.Build.0 = Release|Any CPU
		{975D07F8-8D57-4FF0-B05A-E2EEBA4A0AB1}.Debug|Any CPU.ActiveCfg = Debug|Any CPU
		{975D07F8-8D57-4FF0-B05A-E2EEBA4A0AB1}.Debug|Any CPU.Build.0 = Debug|Any CPU
		{975D07F8-8D57-4FF0-B05A-E2EEBA4A0AB1}.Debug|x64.ActiveCfg = Debug|Any CPU
		{975D07F8-8D57-4FF0-B05A-E2EEBA4A0AB1}.Debug|x64.Build.0 = Debug|Any CPU
		{975D07F8-8D57-4FF0-B05A-E2EEBA4A0AB1}.Debug|x86.ActiveCfg = Debug|Any CPU
		{975D07F8-8D57-4FF0-B05A-E2EEBA4A0AB1}.Debug|x86.Build.0 = Debug|Any CPU
		{975D07F8-8D57-4FF0-B05A-E2EEBA4A0AB1}.Release|Any CPU.ActiveCfg = Release|Any CPU
		{975D07F8-8D57-4FF0-B05A-E2EEBA4A0AB1}.Release|Any CPU.Build.0 = Release|Any CPU
		{975D07F8-8D57-4FF0-B05A-E2EEBA4A0AB1}.Release|x64.ActiveCfg = Release|Any CPU
		{975D07F8-8D57-4FF0-B05A-E2EEBA4A0AB1}.Release|x64.Build.0 = Release|Any CPU
		{975D07F8-8D57-4FF0-B05A-E2EEBA4A0AB1}.Release|x86.ActiveCfg = Release|Any CPU
		{975D07F8-8D57-4FF0-B05A-E2EEBA4A0AB1}.Release|x86.Build.0 = Release|Any CPU
	EndGlobalSection
	GlobalSection(SolutionProperties) = preSolution
		HideSolutionNode = FALSE
	EndGlobalSection
	GlobalSection(NestedProjects) = preSolution
		{8D99AE9B-1CF9-4A26-950A-EBC9ED076060} = {25834A3B-01B0-47D5-B891-58DD52896532}
		{22AA3415-E273-40A3-9F3C-279FC21A4FF9} = {8D99AE9B-1CF9-4A26-950A-EBC9ED076060}
		{B6C7E1D2-20A8-4AF9-9C44-662BE47C14A3} = {8D99AE9B-1CF9-4A26-950A-EBC9ED076060}
		{3853B05A-6F45-4A7F-860B-FCA8C4AE9A90} = {8D99AE9B-1CF9-4A26-950A-EBC9ED076060}
		{CA535515-7831-4B38-9327-B1B64172871C} = {25834A3B-01B0-47D5-B891-58DD52896532}
		{FF1A6329-0D5F-4849-B66C-C947AEB74AFE} = {24582C8A-3FB9-4856-BA31-F72F4EE9CDE5}
		{8729447A-72E9-4FD6-A83F-E00658A109F3} = {24582C8A-3FB9-4856-BA31-F72F4EE9CDE5}
		{C6C39E87-38D9-4C21-8BA8-763E81BED945} = {F3E5F8A1-DEF5-4540-A4B0-73ABB7129801}
		{EF560B85-2ED8-43D1-B6C4-8B9A86EA5A99} = {CA535515-7831-4B38-9327-B1B64172871C}
		{4F6DDD4B-53A2-47AA-9291-EE018F3AD880} = {F3E5F8A1-DEF5-4540-A4B0-73ABB7129801}
		{FB7E20EB-B2E3-456E-8535-762BE108680B} = {F3E5F8A1-DEF5-4540-A4B0-73ABB7129801}
		{5A68D7FA-4FBD-478B-9E63-494974B88AC9} = {25834A3B-01B0-47D5-B891-58DD52896532}
		{85ADAB53-463D-4C7E-8CF0-5C3D7AD41640} = {F3E5F8A1-DEF5-4540-A4B0-73ABB7129801}
		{2812770F-E92A-4AD3-BED8-56A16F9B9847} = {25834A3B-01B0-47D5-B891-58DD52896532}
		{65532131-A98A-42F5-80D5-54990D377F0A} = {25834A3B-01B0-47D5-B891-58DD52896532}
		{04FE4900-FA9F-4CD6-83A5-C3954A8660B5} = {25834A3B-01B0-47D5-B891-58DD52896532}
		{7B05DF0B-C909-4E3E-966D-14E6E7AE396E} = {F3E5F8A1-DEF5-4540-A4B0-73ABB7129801}
		{D901E427-EE05-4D7D-B168-5AE8CE7E6A94} = {25834A3B-01B0-47D5-B891-58DD52896532}
		{384E7014-C75A-4719-9012-FAE04D0EFFC1} = {9B28D84F-7405-486A-882D-01B41903BE82}
		{715C7B86-62F8-453D-8D50-9833967BE29D} = {9B28D84F-7405-486A-882D-01B41903BE82}
		{7648E538-CC3D-4769-B041-F1847F37273E} = {9B28D84F-7405-486A-882D-01B41903BE82}
		{2F3AF803-714E-4C4B-8E7F-B657EAC1401D} = {9B28D84F-7405-486A-882D-01B41903BE82}
		{29EE950C-75DE-4BAA-8405-A0C994EBCBCE} = {9B28D84F-7405-486A-882D-01B41903BE82}
		{975D07F8-8D57-4FF0-B05A-E2EEBA4A0AB1} = {9B28D84F-7405-486A-882D-01B41903BE82}
	EndGlobalSection
EndGlobal
